// !$*UTF8*$!
{
	archiveVersion = 1;
	classes = {
	};
	objectVersion = 48;
	objects = {

/* Begin PBXBuildFile section */
		1962BCA4228768A9000130AD /* APIClient.swift in Sources */ = {isa = PBXBuildFile; fileRef = 1962BCA3228768A9000130AD /* APIClient.swift */; };
		1962BCA6228768CB000130AD /* APIClientTests.swift in Sources */ = {isa = PBXBuildFile; fileRef = 1962BCA5228768CB000130AD /* APIClientTests.swift */; };
		1962BCAB22876BC6000130AD /* Token.swift in Sources */ = {isa = PBXBuildFile; fileRef = 1962BCAA22876BC6000130AD /* Token.swift */; };
		1962BCAD2290C8C9000130AD /* StoryboardTests.swift in Sources */ = {isa = PBXBuildFile; fileRef = 1962BCAC2290C8C9000130AD /* StoryboardTests.swift */; };
		19946964227E3B5C00138341 /* InputViewControllerTests.swift in Sources */ = {isa = PBXBuildFile; fileRef = 19946963227E3B5C00138341 /* InputViewControllerTests.swift */; };
		19946966227E3B9200138341 /* InputViewController.swift in Sources */ = {isa = PBXBuildFile; fileRef = 19946965227E3B9200138341 /* InputViewController.swift */; };
		19E866A822D180DE001FFAB1 /* ToDoUITests.swift in Sources */ = {isa = PBXBuildFile; fileRef = 19E866A722D180DE001FFAB1 /* ToDoUITests.swift */; };
		EE47EF1E2141DA5D00C76F03 /* AppDelegate.swift in Sources */ = {isa = PBXBuildFile; fileRef = EE47EF1D2141DA5D00C76F03 /* AppDelegate.swift */; };
		EE47EF232141DA5D00C76F03 /* Main.storyboard in Resources */ = {isa = PBXBuildFile; fileRef = EE47EF212141DA5D00C76F03 /* Main.storyboard */; };
		EE47EF252141DA5D00C76F03 /* Assets.xcassets in Resources */ = {isa = PBXBuildFile; fileRef = EE47EF242141DA5D00C76F03 /* Assets.xcassets */; };
		EE47EF282141DA5D00C76F03 /* LaunchScreen.storyboard in Resources */ = {isa = PBXBuildFile; fileRef = EE47EF262141DA5D00C76F03 /* LaunchScreen.storyboard */; };
		EE47EF412141DAA700C76F03 /* ToDoItemTests.swift in Sources */ = {isa = PBXBuildFile; fileRef = EE47EF402141DAA700C76F03 /* ToDoItemTests.swift */; };
		EE47EF432141DAE500C76F03 /* ToDoItem.swift in Sources */ = {isa = PBXBuildFile; fileRef = EE47EF422141DAE500C76F03 /* ToDoItem.swift */; };
		EE47EF462141DFDE00C76F03 /* LocationTests.swift in Sources */ = {isa = PBXBuildFile; fileRef = EE47EF452141DFDE00C76F03 /* LocationTests.swift */; };
		EE47EF482141DFF300C76F03 /* Location.swift in Sources */ = {isa = PBXBuildFile; fileRef = EE47EF472141DFF300C76F03 /* Location.swift */; };
		EE47EF4A2141E48700C76F03 /* ToDoItemManagerTests.swift in Sources */ = {isa = PBXBuildFile; fileRef = EE47EF492141E48700C76F03 /* ToDoItemManagerTests.swift */; };
		EE47EF4C2141E49F00C76F03 /* ToDoItemManager.swift in Sources */ = {isa = PBXBuildFile; fileRef = EE47EF4B2141E49F00C76F03 /* ToDoItemManager.swift */; };
		EE665594215C174500D42DB6 /* ItemCellTests.swift in Sources */ = {isa = PBXBuildFile; fileRef = EE665593215C174500D42DB6 /* ItemCellTests.swift */; };
		EE6655E32164492200D42DB6 /* DetailViewControllerTests.swift in Sources */ = {isa = PBXBuildFile; fileRef = EE6655E22164492200D42DB6 /* DetailViewControllerTests.swift */; };
		EE6655E52164498C00D42DB6 /* DetailViewController.swift in Sources */ = {isa = PBXBuildFile; fileRef = EE6655E42164498C00D42DB6 /* DetailViewController.swift */; };
		EE9333822151C8E8006939C4 /* ItemListViewController.swift in Sources */ = {isa = PBXBuildFile; fileRef = EE9333812151C8E8006939C4 /* ItemListViewController.swift */; };
		EE9333852151C935006939C4 /* ItemListViewControllerTests.swift in Sources */ = {isa = PBXBuildFile; fileRef = EE9333842151C935006939C4 /* ItemListViewControllerTests.swift */; };
		EE9333882151F66F006939C4 /* ItemListDataProvider.swift in Sources */ = {isa = PBXBuildFile; fileRef = EE9333872151F66F006939C4 /* ItemListDataProvider.swift */; };
		EE9333A021546ED7006939C4 /* ItemListDataProviderTests.swift in Sources */ = {isa = PBXBuildFile; fileRef = EE93339F21546ED7006939C4 /* ItemListDataProviderTests.swift */; };
		EE9333A521547C7F006939C4 /* ItemCell.swift in Sources */ = {isa = PBXBuildFile; fileRef = EE9333A421547C7F006939C4 /* ItemCell.swift */; };
		EE9333A82155BC25006939C4 /* Constants.swift in Sources */ = {isa = PBXBuildFile; fileRef = EE9333A72155BC25006939C4 /* Constants.swift */; };
		EE9333A92155BCCB006939C4 /* Constants.swift in Sources */ = {isa = PBXBuildFile; fileRef = EE9333A121547348006939C4 /* Constants.swift */; };
/* End PBXBuildFile section */

/* Begin PBXContainerItemProxy section */
		19E866AA22D180DE001FFAB1 /* PBXContainerItemProxy */ = {
			isa = PBXContainerItemProxy;
			containerPortal = EE47EF122141DA5D00C76F03 /* Project object */;
			proxyType = 1;
			remoteGlobalIDString = EE47EF192141DA5D00C76F03;
			remoteInfo = ToDo;
		};
		EE47EF2F2141DA5D00C76F03 /* PBXContainerItemProxy */ = {
			isa = PBXContainerItemProxy;
			containerPortal = EE47EF122141DA5D00C76F03 /* Project object */;
			proxyType = 1;
			remoteGlobalIDString = EE47EF192141DA5D00C76F03;
			remoteInfo = ToDo;
		};
/* End PBXContainerItemProxy section */

/* Begin PBXFileReference section */
		1962BCA3228768A9000130AD /* APIClient.swift */ = {isa = PBXFileReference; lastKnownFileType = sourcecode.swift; path = APIClient.swift; sourceTree = "<group>"; };
		1962BCA5228768CB000130AD /* APIClientTests.swift */ = {isa = PBXFileReference; lastKnownFileType = sourcecode.swift; path = APIClientTests.swift; sourceTree = "<group>"; };
		1962BCAA22876BC6000130AD /* Token.swift */ = {isa = PBXFileReference; lastKnownFileType = sourcecode.swift; path = Token.swift; sourceTree = "<group>"; };
		1962BCAC2290C8C9000130AD /* StoryboardTests.swift */ = {isa = PBXFileReference; lastKnownFileType = sourcecode.swift; path = StoryboardTests.swift; sourceTree = "<group>"; };
		19946963227E3B5C00138341 /* InputViewControllerTests.swift */ = {isa = PBXFileReference; lastKnownFileType = sourcecode.swift; path = InputViewControllerTests.swift; sourceTree = "<group>"; };
		19946965227E3B9200138341 /* InputViewController.swift */ = {isa = PBXFileReference; lastKnownFileType = sourcecode.swift; path = InputViewController.swift; sourceTree = "<group>"; };
		19E866A522D180DE001FFAB1 /* ToDoUITests.xctest */ = {isa = PBXFileReference; explicitFileType = wrapper.cfbundle; includeInIndex = 0; path = ToDoUITests.xctest; sourceTree = BUILT_PRODUCTS_DIR; };
		19E866A722D180DE001FFAB1 /* ToDoUITests.swift */ = {isa = PBXFileReference; lastKnownFileType = sourcecode.swift; path = ToDoUITests.swift; sourceTree = "<group>"; };
		19E866A922D180DE001FFAB1 /* Info.plist */ = {isa = PBXFileReference; lastKnownFileType = text.plist.xml; path = Info.plist; sourceTree = "<group>"; };
		EE47EF1A2141DA5D00C76F03 /* ToDo.app */ = {isa = PBXFileReference; explicitFileType = wrapper.application; includeInIndex = 0; path = ToDo.app; sourceTree = BUILT_PRODUCTS_DIR; };
		EE47EF1D2141DA5D00C76F03 /* AppDelegate.swift */ = {isa = PBXFileReference; lastKnownFileType = sourcecode.swift; path = AppDelegate.swift; sourceTree = "<group>"; };
		EE47EF222141DA5D00C76F03 /* Base */ = {isa = PBXFileReference; lastKnownFileType = file.storyboard; name = Base; path = Base.lproj/Main.storyboard; sourceTree = "<group>"; };
		EE47EF242141DA5D00C76F03 /* Assets.xcassets */ = {isa = PBXFileReference; lastKnownFileType = folder.assetcatalog; path = Assets.xcassets; sourceTree = "<group>"; };
		EE47EF272141DA5D00C76F03 /* Base */ = {isa = PBXFileReference; lastKnownFileType = file.storyboard; name = Base; path = Base.lproj/LaunchScreen.storyboard; sourceTree = "<group>"; };
		EE47EF292141DA5D00C76F03 /* Info.plist */ = {isa = PBXFileReference; lastKnownFileType = text.plist.xml; path = Info.plist; sourceTree = "<group>"; };
		EE47EF2E2141DA5D00C76F03 /* ToDoTests.xctest */ = {isa = PBXFileReference; explicitFileType = wrapper.cfbundle; includeInIndex = 0; path = ToDoTests.xctest; sourceTree = BUILT_PRODUCTS_DIR; };
		EE47EF342141DA5D00C76F03 /* Info.plist */ = {isa = PBXFileReference; lastKnownFileType = text.plist.xml; path = Info.plist; sourceTree = "<group>"; };
		EE47EF402141DAA700C76F03 /* ToDoItemTests.swift */ = {isa = PBXFileReference; lastKnownFileType = sourcecode.swift; path = ToDoItemTests.swift; sourceTree = "<group>"; };
		EE47EF422141DAE500C76F03 /* ToDoItem.swift */ = {isa = PBXFileReference; lastKnownFileType = sourcecode.swift; path = ToDoItem.swift; sourceTree = "<group>"; };
		EE47EF452141DFDE00C76F03 /* LocationTests.swift */ = {isa = PBXFileReference; lastKnownFileType = sourcecode.swift; path = LocationTests.swift; sourceTree = "<group>"; };
		EE47EF472141DFF300C76F03 /* Location.swift */ = {isa = PBXFileReference; lastKnownFileType = sourcecode.swift; path = Location.swift; sourceTree = "<group>"; };
		EE47EF492141E48700C76F03 /* ToDoItemManagerTests.swift */ = {isa = PBXFileReference; lastKnownFileType = sourcecode.swift; path = ToDoItemManagerTests.swift; sourceTree = "<group>"; };
		EE47EF4B2141E49F00C76F03 /* ToDoItemManager.swift */ = {isa = PBXFileReference; lastKnownFileType = sourcecode.swift; path = ToDoItemManager.swift; sourceTree = "<group>"; };
		EE665593215C174500D42DB6 /* ItemCellTests.swift */ = {isa = PBXFileReference; lastKnownFileType = sourcecode.swift; path = ItemCellTests.swift; sourceTree = "<group>"; };
		EE6655E22164492200D42DB6 /* DetailViewControllerTests.swift */ = {isa = PBXFileReference; lastKnownFileType = sourcecode.swift; path = DetailViewControllerTests.swift; sourceTree = "<group>"; };
		EE6655E42164498C00D42DB6 /* DetailViewController.swift */ = {isa = PBXFileReference; lastKnownFileType = sourcecode.swift; path = DetailViewController.swift; sourceTree = "<group>"; };
		EE9333812151C8E8006939C4 /* ItemListViewController.swift */ = {isa = PBXFileReference; lastKnownFileType = sourcecode.swift; path = ItemListViewController.swift; sourceTree = "<group>"; };
		EE9333842151C935006939C4 /* ItemListViewControllerTests.swift */ = {isa = PBXFileReference; lastKnownFileType = sourcecode.swift; path = ItemListViewControllerTests.swift; sourceTree = "<group>"; };
		EE9333872151F66F006939C4 /* ItemListDataProvider.swift */ = {isa = PBXFileReference; lastKnownFileType = sourcecode.swift; path = ItemListDataProvider.swift; sourceTree = "<group>"; };
		EE93339F21546ED7006939C4 /* ItemListDataProviderTests.swift */ = {isa = PBXFileReference; lastKnownFileType = sourcecode.swift; path = ItemListDataProviderTests.swift; sourceTree = "<group>"; };
		EE9333A121547348006939C4 /* Constants.swift */ = {isa = PBXFileReference; lastKnownFileType = sourcecode.swift; path = Constants.swift; sourceTree = "<group>"; };
		EE9333A421547C7F006939C4 /* ItemCell.swift */ = {isa = PBXFileReference; lastKnownFileType = sourcecode.swift; path = ItemCell.swift; sourceTree = "<group>"; };
		EE9333A72155BC25006939C4 /* Constants.swift */ = {isa = PBXFileReference; lastKnownFileType = sourcecode.swift; path = Constants.swift; sourceTree = "<group>"; };
/* End PBXFileReference section */

/* Begin PBXFrameworksBuildPhase section */
		19E866A222D180DE001FFAB1 /* Frameworks */ = {
			isa = PBXFrameworksBuildPhase;
			buildActionMask = 2147483647;
			files = (
			);
			runOnlyForDeploymentPostprocessing = 0;
		};
		EE47EF172141DA5D00C76F03 /* Frameworks */ = {
			isa = PBXFrameworksBuildPhase;
			buildActionMask = 2147483647;
			files = (
			);
			runOnlyForDeploymentPostprocessing = 0;
		};
		EE47EF2B2141DA5D00C76F03 /* Frameworks */ = {
			isa = PBXFrameworksBuildPhase;
			buildActionMask = 2147483647;
			files = (
			);
			runOnlyForDeploymentPostprocessing = 0;
		};
/* End PBXFrameworksBuildPhase section */

/* Begin PBXGroup section */
		1962BCA8228768E8000130AD /* Network */ = {
			isa = PBXGroup;
			children = (
				1962BCA3228768A9000130AD /* APIClient.swift */,
				1962BCAA22876BC6000130AD /* Token.swift */,
			);
			path = Network;
			sourceTree = "<group>";
		};
		1962BCA9228768F4000130AD /* Network */ = {
			isa = PBXGroup;
			children = (
				1962BCA5228768CB000130AD /* APIClientTests.swift */,
			);
			path = Network;
			sourceTree = "<group>";
		};
		19E866A622D180DE001FFAB1 /* ToDoUITests */ = {
			isa = PBXGroup;
			children = (
				19E866A722D180DE001FFAB1 /* ToDoUITests.swift */,
				19E866A922D180DE001FFAB1 /* Info.plist */,
			);
			path = ToDoUITests;
			sourceTree = "<group>";
		};
		EE47EF112141DA5D00C76F03 = {
			isa = PBXGroup;
			children = (
				EE47EF1C2141DA5D00C76F03 /* ToDo */,
				EE47EF312141DA5D00C76F03 /* ToDoTests */,
				19E866A622D180DE001FFAB1 /* ToDoUITests */,
				EE47EF1B2141DA5D00C76F03 /* Products */,
			);
			sourceTree = "<group>";
		};
		EE47EF1B2141DA5D00C76F03 /* Products */ = {
			isa = PBXGroup;
			children = (
				EE47EF1A2141DA5D00C76F03 /* ToDo.app */,
				EE47EF2E2141DA5D00C76F03 /* ToDoTests.xctest */,
				19E866A522D180DE001FFAB1 /* ToDoUITests.xctest */,
			);
			name = Products;
			sourceTree = "<group>";
		};
		EE47EF1C2141DA5D00C76F03 /* ToDo */ = {
			isa = PBXGroup;
			children = (
				1962BCA8228768E8000130AD /* Network */,
				EE9333A621547C86006939C4 /* Views */,
				EE47EF3E2141DA7800C76F03 /* ViewControllers */,
				EE47EF442141DAF000C76F03 /* Models */,
				EE47EF3F2141DA8700C76F03 /* Storyboards */,
				EE47EF3D2141DA7000C76F03 /* Others */,
			);
			path = ToDo;
			sourceTree = "<group>";
		};
		EE47EF312141DA5D00C76F03 /* ToDoTests */ = {
			isa = PBXGroup;
			children = (
				1962BCA9228768F4000130AD /* Network */,
				EE665595215C174F00D42DB6 /* Views */,
				EE9333832151C915006939C4 /* Models */,
				EE9333862151C940006939C4 /* ViewControllers */,
				EE9333A3215473B3006939C4 /* Others */,
			);
			path = ToDoTests;
			sourceTree = "<group>";
		};
		EE47EF3D2141DA7000C76F03 /* Others */ = {
			isa = PBXGroup;
			children = (
				EE9333A72155BC25006939C4 /* Constants.swift */,
				EE47EF1D2141DA5D00C76F03 /* AppDelegate.swift */,
				EE47EF242141DA5D00C76F03 /* Assets.xcassets */,
				EE47EF292141DA5D00C76F03 /* Info.plist */,
			);
			path = Others;
			sourceTree = "<group>";
		};
		EE47EF3E2141DA7800C76F03 /* ViewControllers */ = {
			isa = PBXGroup;
			children = (
				EE9333812151C8E8006939C4 /* ItemListViewController.swift */,
				EE9333872151F66F006939C4 /* ItemListDataProvider.swift */,
				EE6655E42164498C00D42DB6 /* DetailViewController.swift */,
				19946965227E3B9200138341 /* InputViewController.swift */,
			);
			path = ViewControllers;
			sourceTree = "<group>";
		};
		EE47EF3F2141DA8700C76F03 /* Storyboards */ = {
			isa = PBXGroup;
			children = (
				EE47EF212141DA5D00C76F03 /* Main.storyboard */,
				EE47EF262141DA5D00C76F03 /* LaunchScreen.storyboard */,
			);
			path = Storyboards;
			sourceTree = "<group>";
		};
		EE47EF442141DAF000C76F03 /* Models */ = {
			isa = PBXGroup;
			children = (
				EE47EF422141DAE500C76F03 /* ToDoItem.swift */,
				EE47EF472141DFF300C76F03 /* Location.swift */,
				EE47EF4B2141E49F00C76F03 /* ToDoItemManager.swift */,
			);
			path = Models;
			sourceTree = "<group>";
		};
		EE665595215C174F00D42DB6 /* Views */ = {
			isa = PBXGroup;
			children = (
				EE665593215C174500D42DB6 /* ItemCellTests.swift */,
				1962BCAC2290C8C9000130AD /* StoryboardTests.swift */,
			);
			path = Views;
			sourceTree = "<group>";
		};
		EE9333832151C915006939C4 /* Models */ = {
			isa = PBXGroup;
			children = (
				EE47EF402141DAA700C76F03 /* ToDoItemTests.swift */,
				EE47EF452141DFDE00C76F03 /* LocationTests.swift */,
				EE47EF492141E48700C76F03 /* ToDoItemManagerTests.swift */,
			);
			path = Models;
			sourceTree = "<group>";
		};
		EE9333862151C940006939C4 /* ViewControllers */ = {
			isa = PBXGroup;
			children = (
				EE9333842151C935006939C4 /* ItemListViewControllerTests.swift */,
				EE93339F21546ED7006939C4 /* ItemListDataProviderTests.swift */,
				EE6655E22164492200D42DB6 /* DetailViewControllerTests.swift */,
				19946963227E3B5C00138341 /* InputViewControllerTests.swift */,
			);
			path = ViewControllers;
			sourceTree = "<group>";
		};
		EE9333A3215473B3006939C4 /* Others */ = {
			isa = PBXGroup;
			children = (
				EE9333A121547348006939C4 /* Constants.swift */,
				EE47EF342141DA5D00C76F03 /* Info.plist */,
			);
			path = Others;
			sourceTree = "<group>";
		};
		EE9333A621547C86006939C4 /* Views */ = {
			isa = PBXGroup;
			children = (
				EE9333A421547C7F006939C4 /* ItemCell.swift */,
			);
			path = Views;
			sourceTree = "<group>";
		};
/* End PBXGroup section */

/* Begin PBXNativeTarget section */
		19E866A422D180DE001FFAB1 /* ToDoUITests */ = {
			isa = PBXNativeTarget;
			buildConfigurationList = 19E866AE22D180DE001FFAB1 /* Build configuration list for PBXNativeTarget "ToDoUITests" */;
			buildPhases = (
				19E866A122D180DE001FFAB1 /* Sources */,
				19E866A222D180DE001FFAB1 /* Frameworks */,
				19E866A322D180DE001FFAB1 /* Resources */,
			);
			buildRules = (
			);
			dependencies = (
				19E866AB22D180DE001FFAB1 /* PBXTargetDependency */,
			);
			name = ToDoUITests;
			productName = ToDoUITests;
			productReference = 19E866A522D180DE001FFAB1 /* ToDoUITests.xctest */;
			productType = "com.apple.product-type.bundle.ui-testing";
		};
		EE47EF192141DA5D00C76F03 /* ToDo */ = {
			isa = PBXNativeTarget;
			buildConfigurationList = EE47EF372141DA5D00C76F03 /* Build configuration list for PBXNativeTarget "ToDo" */;
			buildPhases = (
				EE47EF162141DA5D00C76F03 /* Sources */,
				EE47EF172141DA5D00C76F03 /* Frameworks */,
				EE47EF182141DA5D00C76F03 /* Resources */,
			);
			buildRules = (
			);
			dependencies = (
			);
			name = ToDo;
			productName = ToDo;
			productReference = EE47EF1A2141DA5D00C76F03 /* ToDo.app */;
			productType = "com.apple.product-type.application";
		};
		EE47EF2D2141DA5D00C76F03 /* ToDoTests */ = {
			isa = PBXNativeTarget;
			buildConfigurationList = EE47EF3A2141DA5D00C76F03 /* Build configuration list for PBXNativeTarget "ToDoTests" */;
			buildPhases = (
				EE47EF2A2141DA5D00C76F03 /* Sources */,
				EE47EF2B2141DA5D00C76F03 /* Frameworks */,
				EE47EF2C2141DA5D00C76F03 /* Resources */,
			);
			buildRules = (
			);
			dependencies = (
				EE47EF302141DA5D00C76F03 /* PBXTargetDependency */,
			);
			name = ToDoTests;
			productName = ToDoTests;
			productReference = EE47EF2E2141DA5D00C76F03 /* ToDoTests.xctest */;
			productType = "com.apple.product-type.bundle.unit-test";
		};
/* End PBXNativeTarget section */

/* Begin PBXProject section */
		EE47EF122141DA5D00C76F03 /* Project object */ = {
			isa = PBXProject;
			attributes = {
				LastSwiftUpdateCheck = 1020;
				LastUpgradeCheck = 1020;
				ORGANIZATIONNAME = "gu, yi";
				TargetAttributes = {
					19E866A422D180DE001FFAB1 = {
						CreatedOnToolsVersion = 10.2.1;
						ProvisioningStyle = Automatic;
						TestTargetID = EE47EF192141DA5D00C76F03;
					};
					EE47EF192141DA5D00C76F03 = {
						CreatedOnToolsVersion = 9.2;
						LastSwiftMigration = 1020;
						ProvisioningStyle = Automatic;
					};
					EE47EF2D2141DA5D00C76F03 = {
						CreatedOnToolsVersion = 9.2;
						LastSwiftMigration = 1020;
						ProvisioningStyle = Automatic;
						TestTargetID = EE47EF192141DA5D00C76F03;
					};
				};
			};
			buildConfigurationList = EE47EF152141DA5D00C76F03 /* Build configuration list for PBXProject "ToDo" */;
			compatibilityVersion = "Xcode 8.0";
			developmentRegion = en;
			hasScannedForEncodings = 0;
			knownRegions = (
				en,
				Base,
			);
			mainGroup = EE47EF112141DA5D00C76F03;
			productRefGroup = EE47EF1B2141DA5D00C76F03 /* Products */;
			projectDirPath = "";
			projectRoot = "";
			targets = (
				EE47EF192141DA5D00C76F03 /* ToDo */,
				EE47EF2D2141DA5D00C76F03 /* ToDoTests */,
				19E866A422D180DE001FFAB1 /* ToDoUITests */,
			);
		};
/* End PBXProject section */

/* Begin PBXResourcesBuildPhase section */
		19E866A322D180DE001FFAB1 /* Resources */ = {
			isa = PBXResourcesBuildPhase;
			buildActionMask = 2147483647;
			files = (
			);
			runOnlyForDeploymentPostprocessing = 0;
		};
		EE47EF182141DA5D00C76F03 /* Resources */ = {
			isa = PBXResourcesBuildPhase;
			buildActionMask = 2147483647;
			files = (
				EE47EF282141DA5D00C76F03 /* LaunchScreen.storyboard in Resources */,
				EE47EF252141DA5D00C76F03 /* Assets.xcassets in Resources */,
				EE47EF232141DA5D00C76F03 /* Main.storyboard in Resources */,
			);
			runOnlyForDeploymentPostprocessing = 0;
		};
		EE47EF2C2141DA5D00C76F03 /* Resources */ = {
			isa = PBXResourcesBuildPhase;
			buildActionMask = 2147483647;
			files = (
			);
			runOnlyForDeploymentPostprocessing = 0;
		};
/* End PBXResourcesBuildPhase section */

/* Begin PBXSourcesBuildPhase section */
		19E866A122D180DE001FFAB1 /* Sources */ = {
			isa = PBXSourcesBuildPhase;
			buildActionMask = 2147483647;
			files = (
				19E866A822D180DE001FFAB1 /* ToDoUITests.swift in Sources */,
			);
			runOnlyForDeploymentPostprocessing = 0;
		};
		EE47EF162141DA5D00C76F03 /* Sources */ = {
			isa = PBXSourcesBuildPhase;
			buildActionMask = 2147483647;
			files = (
				EE6655E52164498C00D42DB6 /* DetailViewController.swift in Sources */,
				19946966227E3B9200138341 /* InputViewController.swift in Sources */,
				EE9333A521547C7F006939C4 /* ItemCell.swift in Sources */,
				1962BCAB22876BC6000130AD /* Token.swift in Sources */,
				EE47EF432141DAE500C76F03 /* ToDoItem.swift in Sources */,
				EE9333882151F66F006939C4 /* ItemListDataProvider.swift in Sources */,
				1962BCA4228768A9000130AD /* APIClient.swift in Sources */,
				EE9333822151C8E8006939C4 /* ItemListViewController.swift in Sources */,
				EE47EF482141DFF300C76F03 /* Location.swift in Sources */,
				EE47EF1E2141DA5D00C76F03 /* AppDelegate.swift in Sources */,
				EE9333A82155BC25006939C4 /* Constants.swift in Sources */,
				EE47EF4C2141E49F00C76F03 /* ToDoItemManager.swift in Sources */,
			);
			runOnlyForDeploymentPostprocessing = 0;
		};
		EE47EF2A2141DA5D00C76F03 /* Sources */ = {
			isa = PBXSourcesBuildPhase;
			buildActionMask = 2147483647;
			files = (
				EE9333A021546ED7006939C4 /* ItemListDataProviderTests.swift in Sources */,
				EE9333A92155BCCB006939C4 /* Constants.swift in Sources */,
				1962BCAD2290C8C9000130AD /* StoryboardTests.swift in Sources */,
				EE47EF462141DFDE00C76F03 /* LocationTests.swift in Sources */,
				1962BCA6228768CB000130AD /* APIClientTests.swift in Sources */,
				EE47EF4A2141E48700C76F03 /* ToDoItemManagerTests.swift in Sources */,
				EE665594215C174500D42DB6 /* ItemCellTests.swift in Sources */,
				EE47EF412141DAA700C76F03 /* ToDoItemTests.swift in Sources */,
				19946964227E3B5C00138341 /* InputViewControllerTests.swift in Sources */,
				EE9333852151C935006939C4 /* ItemListViewControllerTests.swift in Sources */,
				EE6655E32164492200D42DB6 /* DetailViewControllerTests.swift in Sources */,
			);
			runOnlyForDeploymentPostprocessing = 0;
		};
/* End PBXSourcesBuildPhase section */

/* Begin PBXTargetDependency section */
		19E866AB22D180DE001FFAB1 /* PBXTargetDependency */ = {
			isa = PBXTargetDependency;
			target = EE47EF192141DA5D00C76F03 /* ToDo */;
			targetProxy = 19E866AA22D180DE001FFAB1 /* PBXContainerItemProxy */;
		};
		EE47EF302141DA5D00C76F03 /* PBXTargetDependency */ = {
			isa = PBXTargetDependency;
			target = EE47EF192141DA5D00C76F03 /* ToDo */;
			targetProxy = EE47EF2F2141DA5D00C76F03 /* PBXContainerItemProxy */;
		};
/* End PBXTargetDependency section */

/* Begin PBXVariantGroup section */
		EE47EF212141DA5D00C76F03 /* Main.storyboard */ = {
			isa = PBXVariantGroup;
			children = (
				EE47EF222141DA5D00C76F03 /* Base */,
			);
			name = Main.storyboard;
			sourceTree = "<group>";
		};
		EE47EF262141DA5D00C76F03 /* LaunchScreen.storyboard */ = {
			isa = PBXVariantGroup;
			children = (
				EE47EF272141DA5D00C76F03 /* Base */,
			);
			name = LaunchScreen.storyboard;
			sourceTree = "<group>";
		};
/* End PBXVariantGroup section */

/* Begin XCBuildConfiguration section */
		19E866AC22D180DE001FFAB1 /* Debug */ = {
			isa = XCBuildConfiguration;
			buildSettings = {
				CLANG_ENABLE_OBJC_WEAK = YES;
				CODE_SIGN_STYLE = Automatic;
				DEVELOPMENT_TEAM = 44JDRP3T56;
				INFOPLIST_FILE = ToDoUITests/Info.plist;
				IPHONEOS_DEPLOYMENT_TARGET = 12.2;
				LD_RUNPATH_SEARCH_PATHS = "$(inherited) @executable_path/Frameworks @loader_path/Frameworks";
				MTL_ENABLE_DEBUG_INFO = INCLUDE_SOURCE;
				MTL_FAST_MATH = YES;
				PRODUCT_BUNDLE_IDENTIFIER = yigu.ToDoUITests;
				PRODUCT_NAME = "$(TARGET_NAME)";
				SWIFT_VERSION = 5.0;
				TARGETED_DEVICE_FAMILY = "1,2";
				TEST_TARGET_NAME = ToDo;
			};
			name = Debug;
		};
		19E866AD22D180DE001FFAB1 /* Release */ = {
			isa = XCBuildConfiguration;
			buildSettings = {
				CLANG_ENABLE_OBJC_WEAK = YES;
				CODE_SIGN_STYLE = Automatic;
				DEVELOPMENT_TEAM = 44JDRP3T56;
				INFOPLIST_FILE = ToDoUITests/Info.plist;
				IPHONEOS_DEPLOYMENT_TARGET = 12.2;
				LD_RUNPATH_SEARCH_PATHS = "$(inherited) @executable_path/Frameworks @loader_path/Frameworks";
				MTL_FAST_MATH = YES;
				PRODUCT_BUNDLE_IDENTIFIER = yigu.ToDoUITests;
				PRODUCT_NAME = "$(TARGET_NAME)";
				SWIFT_VERSION = 5.0;
				TARGETED_DEVICE_FAMILY = "1,2";
				TEST_TARGET_NAME = ToDo;
			};
			name = Release;
		};
		EE47EF352141DA5D00C76F03 /* Debug */ = {
			isa = XCBuildConfiguration;
			buildSettings = {
				ALWAYS_SEARCH_USER_PATHS = NO;
				CLANG_ANALYZER_NONNULL = YES;
				CLANG_ANALYZER_NUMBER_OBJECT_CONVERSION = YES_AGGRESSIVE;
				CLANG_CXX_LANGUAGE_STANDARD = "gnu++14";
				CLANG_CXX_LIBRARY = "libc++";
				CLANG_ENABLE_MODULES = YES;
				CLANG_ENABLE_OBJC_ARC = YES;
				CLANG_WARN_BLOCK_CAPTURE_AUTORELEASING = YES;
				CLANG_WARN_BOOL_CONVERSION = YES;
				CLANG_WARN_COMMA = YES;
				CLANG_WARN_CONSTANT_CONVERSION = YES;
				CLANG_WARN_DEPRECATED_OBJC_IMPLEMENTATIONS = YES;
				CLANG_WARN_DIRECT_OBJC_ISA_USAGE = YES_ERROR;
				CLANG_WARN_DOCUMENTATION_COMMENTS = YES;
				CLANG_WARN_EMPTY_BODY = YES;
				CLANG_WARN_ENUM_CONVERSION = YES;
				CLANG_WARN_INFINITE_RECURSION = YES;
				CLANG_WARN_INT_CONVERSION = YES;
				CLANG_WARN_NON_LITERAL_NULL_CONVERSION = YES;
				CLANG_WARN_OBJC_IMPLICIT_RETAIN_SELF = YES;
				CLANG_WARN_OBJC_LITERAL_CONVERSION = YES;
				CLANG_WARN_OBJC_ROOT_CLASS = YES_ERROR;
				CLANG_WARN_RANGE_LOOP_ANALYSIS = YES;
				CLANG_WARN_STRICT_PROTOTYPES = YES;
				CLANG_WARN_SUSPICIOUS_MOVE = YES;
				CLANG_WARN_UNGUARDED_AVAILABILITY = YES_AGGRESSIVE;
				CLANG_WARN_UNREACHABLE_CODE = YES;
				CLANG_WARN__DUPLICATE_METHOD_MATCH = YES;
				CODE_SIGN_IDENTITY = "iPhone Developer";
				COPY_PHASE_STRIP = NO;
				DEBUG_INFORMATION_FORMAT = dwarf;
				ENABLE_STRICT_OBJC_MSGSEND = YES;
				ENABLE_TESTABILITY = YES;
				GCC_C_LANGUAGE_STANDARD = gnu11;
				GCC_DYNAMIC_NO_PIC = NO;
				GCC_NO_COMMON_BLOCKS = YES;
				GCC_OPTIMIZATION_LEVEL = 0;
				GCC_PREPROCESSOR_DEFINITIONS = (
					"DEBUG=1",
					"$(inherited)",
				);
				GCC_WARN_64_TO_32_BIT_CONVERSION = YES;
				GCC_WARN_ABOUT_RETURN_TYPE = YES_ERROR;
				GCC_WARN_UNDECLARED_SELECTOR = YES;
				GCC_WARN_UNINITIALIZED_AUTOS = YES_AGGRESSIVE;
				GCC_WARN_UNUSED_FUNCTION = YES;
				GCC_WARN_UNUSED_VARIABLE = YES;
				IPHONEOS_DEPLOYMENT_TARGET = 11.2;
				MTL_ENABLE_DEBUG_INFO = YES;
				ONLY_ACTIVE_ARCH = YES;
				SDKROOT = iphoneos;
				SWIFT_ACTIVE_COMPILATION_CONDITIONS = DEBUG;
				SWIFT_OPTIMIZATION_LEVEL = "-Onone";
			};
			name = Debug;
		};
		EE47EF362141DA5D00C76F03 /* Release */ = {
			isa = XCBuildConfiguration;
			buildSettings = {
				ALWAYS_SEARCH_USER_PATHS = NO;
				CLANG_ANALYZER_NONNULL = YES;
				CLANG_ANALYZER_NUMBER_OBJECT_CONVERSION = YES_AGGRESSIVE;
				CLANG_CXX_LANGUAGE_STANDARD = "gnu++14";
				CLANG_CXX_LIBRARY = "libc++";
				CLANG_ENABLE_MODULES = YES;
				CLANG_ENABLE_OBJC_ARC = YES;
				CLANG_WARN_BLOCK_CAPTURE_AUTORELEASING = YES;
				CLANG_WARN_BOOL_CONVERSION = YES;
				CLANG_WARN_COMMA = YES;
				CLANG_WARN_CONSTANT_CONVERSION = YES;
				CLANG_WARN_DEPRECATED_OBJC_IMPLEMENTATIONS = YES;
				CLANG_WARN_DIRECT_OBJC_ISA_USAGE = YES_ERROR;
				CLANG_WARN_DOCUMENTATION_COMMENTS = YES;
				CLANG_WARN_EMPTY_BODY = YES;
				CLANG_WARN_ENUM_CONVERSION = YES;
				CLANG_WARN_INFINITE_RECURSION = YES;
				CLANG_WARN_INT_CONVERSION = YES;
				CLANG_WARN_NON_LITERAL_NULL_CONVERSION = YES;
				CLANG_WARN_OBJC_IMPLICIT_RETAIN_SELF = YES;
				CLANG_WARN_OBJC_LITERAL_CONVERSION = YES;
				CLANG_WARN_OBJC_ROOT_CLASS = YES_ERROR;
				CLANG_WARN_RANGE_LOOP_ANALYSIS = YES;
				CLANG_WARN_STRICT_PROTOTYPES = YES;
				CLANG_WARN_SUSPICIOUS_MOVE = YES;
				CLANG_WARN_UNGUARDED_AVAILABILITY = YES_AGGRESSIVE;
				CLANG_WARN_UNREACHABLE_CODE = YES;
				CLANG_WARN__DUPLICATE_METHOD_MATCH = YES;
				CODE_SIGN_IDENTITY = "iPhone Developer";
				COPY_PHASE_STRIP = NO;
				DEBUG_INFORMATION_FORMAT = "dwarf-with-dsym";
				ENABLE_NS_ASSERTIONS = NO;
				ENABLE_STRICT_OBJC_MSGSEND = YES;
				GCC_C_LANGUAGE_STANDARD = gnu11;
				GCC_NO_COMMON_BLOCKS = YES;
				GCC_WARN_64_TO_32_BIT_CONVERSION = YES;
				GCC_WARN_ABOUT_RETURN_TYPE = YES_ERROR;
				GCC_WARN_UNDECLARED_SELECTOR = YES;
				GCC_WARN_UNINITIALIZED_AUTOS = YES_AGGRESSIVE;
				GCC_WARN_UNUSED_FUNCTION = YES;
				GCC_WARN_UNUSED_VARIABLE = YES;
				IPHONEOS_DEPLOYMENT_TARGET = 11.2;
				MTL_ENABLE_DEBUG_INFO = NO;
				SDKROOT = iphoneos;
				SWIFT_OPTIMIZATION_LEVEL = "-Owholemodule";
				VALIDATE_PRODUCT = YES;
			};
			name = Release;
		};
		EE47EF382141DA5D00C76F03 /* Debug */ = {
			isa = XCBuildConfiguration;
			buildSettings = {
				ASSETCATALOG_COMPILER_APPICON_NAME = AppIcon;
				CODE_SIGN_STYLE = Automatic;
				INFOPLIST_FILE = ToDo/Others/Info.plist;
				LD_RUNPATH_SEARCH_PATHS = "$(inherited) @executable_path/Frameworks";
				PRODUCT_BUNDLE_IDENTIFIER = yigu.com.ToDo;
				PRODUCT_NAME = "$(TARGET_NAME)";
				SWIFT_VERSION = 5.0;
				TARGETED_DEVICE_FAMILY = "1,2";
			};
			name = Debug;
		};
		EE47EF392141DA5D00C76F03 /* Release */ = {
			isa = XCBuildConfiguration;
			buildSettings = {
				ASSETCATALOG_COMPILER_APPICON_NAME = AppIcon;
				CODE_SIGN_STYLE = Automatic;
				INFOPLIST_FILE = ToDo/Others/Info.plist;
				LD_RUNPATH_SEARCH_PATHS = "$(inherited) @executable_path/Frameworks";
				PRODUCT_BUNDLE_IDENTIFIER = yigu.com.ToDo;
				PRODUCT_NAME = "$(TARGET_NAME)";
				SWIFT_VERSION = 5.0;
				TARGETED_DEVICE_FAMILY = "1,2";
			};
			name = Release;
		};
		EE47EF3B2141DA5D00C76F03 /* Debug */ = {
			isa = XCBuildConfiguration;
			buildSettings = {
				ALWAYS_EMBED_SWIFT_STANDARD_LIBRARIES = YES;
				BUNDLE_LOADER = "$(TEST_HOST)";
				CODE_SIGN_STYLE = Automatic;
				INFOPLIST_FILE = ToDoTests/Others/Info.plist;
				LD_RUNPATH_SEARCH_PATHS = "$(inherited) @executable_path/Frameworks @loader_path/Frameworks";
				PRODUCT_BUNDLE_IDENTIFIER = yigu.com.ToDoTests;
				PRODUCT_NAME = "$(TARGET_NAME)";
				SWIFT_VERSION = 5.0;
				TARGETED_DEVICE_FAMILY = "1,2";
				TEST_HOST = "$(BUILT_PRODUCTS_DIR)/ToDo.app/ToDo";
			};
			name = Debug;
		};
		EE47EF3C2141DA5D00C76F03 /* Release */ = {
			isa = XCBuildConfiguration;
			buildSettings = {
				ALWAYS_EMBED_SWIFT_STANDARD_LIBRARIES = YES;
				BUNDLE_LOADER = "$(TEST_HOST)";
				CODE_SIGN_STYLE = Automatic;
				INFOPLIST_FILE = ToDoTests/Others/Info.plist;
				LD_RUNPATH_SEARCH_PATHS = "$(inherited) @executable_path/Frameworks @loader_path/Frameworks";
				PRODUCT_BUNDLE_IDENTIFIER = yigu.com.ToDoTests;
				PRODUCT_NAME = "$(TARGET_NAME)";
				SWIFT_VERSION = 5.0;
				TARGETED_DEVICE_FAMILY = "1,2";
				TEST_HOST = "$(BUILT_PRODUCTS_DIR)/ToDo.app/ToDo";
			};
			name = Release;
		};
/* End XCBuildConfiguration section */

/* Begin XCConfigurationList section */
		19E866AE22D180DE001FFAB1 /* Build configuration list for PBXNativeTarget "ToDoUITests" */ = {
			isa = XCConfigurationList;
			buildConfigurations = (
				19E866AC22D180DE001FFAB1 /* Debug */,
				19E866AD22D180DE001FFAB1 /* Release */,
			);
			defaultConfigurationIsVisible = 0;
			defaultConfigurationName = Release;
		};
		EE47EF152141DA5D00C76F03 /* Build configuration list for PBXProject "ToDo" */ = {
			isa = XCConfigurationList;
			buildConfigurations = (
				EE47EF352141DA5D00C76F03 /* Debug */,
				EE47EF362141DA5D00C76F03 /* Release */,
			);
			defaultConfigurationIsVisible = 0;
			defaultConfigurationName = Release;
		};
		EE47EF372141DA5D00C76F03 /* Build configuration list for PBXNativeTarget "ToDo" */ = {
			isa = XCConfigurationList;
			buildConfigurations = (
				EE47EF382141DA5D00C76F03 /* Debug */,
				EE47EF392141DA5D00C76F03 /* Release */,
			);
			defaultConfigurationIsVisible = 0;
			defaultConfigurationName = Release;
		};
		EE47EF3A2141DA5D00C76F03 /* Build configuration list for PBXNativeTarget "ToDoTests" */ = {
			isa = XCConfigurationList;
			buildConfigurations = (
				EE47EF3B2141DA5D00C76F03 /* Debug */,
				EE47EF3C2141DA5D00C76F03 /* Release */,
			);
			defaultConfigurationIsVisible = 0;
			defaultConfigurationName = Release;
		};
/* End XCConfigurationList section */
	};
	rootObject = EE47EF122141DA5D00C76F03 /* Project object */;
}
