PODS:
  - IGListKit (3.1.1):
    - IGListKit/Default (= 3.1.1)
  - IGListKit/Default (3.1.1):
    - IGListKit/Diffing
  - IGListKit/Diffing (3.1.1)

DEPENDENCIES:
  - IGListKit (from `https://github.com/Instagram/IGListKit.git`, branch `master`)

EXTERNAL SOURCES:
  IGListKit:
    :branch: master
    :git: https://github.com/Instagram/IGListKit.git

CHECKOUT OPTIONS:
  IGListKit:
    :commit: 0f04a073194033fbfc6f1d916fad83838042a7c0
    :git: https://github.com/Instagram/IGListKit.git

SPEC CHECKSUMS:
  IGListKit: cb97f405ae43e59fe1da74271e19427ec20d3c07

PODFILE CHECKSUM: c789b282c42fef7042ba9bbaed1c59874ce5025d

COCOAPODS: 1.2.0.beta.1
