// !$*UTF8*$!
{
	archiveVersion = 1;
	classes = {
	};
	objectVersion = 46;
	objects = {

/* Begin PBXBuildFile section */
		192BA11B1CD332C500117FF6 /* AppDelegate.swift in Sources */ = {isa = PBXBuildFile; fileRef = 192BA11A1CD332C500117FF6 /* AppDelegate.swift */; };
		192BA11D1CD332C500117FF6 /* ViewController.swift in Sources */ = {isa = PBXBuildFile; fileRef = 192BA11C1CD332C500117FF6 /* ViewController.swift */; };
		192BA1201CD332C500117FF6 /* Main.storyboard in Resources */ = {isa = PBXBuildFile; fileRef = 192BA11E1CD332C500117FF6 /* Main.storyboard */; };
		192BA1221CD332C500117FF6 /* Assets.xcassets in Resources */ = {isa = PBXBuildFile; fileRef = 192BA1211CD332C500117FF6 /* Assets.xcassets */; };
		192BA1251CD332C500117FF6 /* LaunchScreen.storyboard in Resources */ = {isa = PBXBuildFile; fileRef = 192BA1231CD332C500117FF6 /* LaunchScreen.storyboard */; };
		192BA1301CD332C500117FF6 /* AnimationsTests.swift in Sources */ = {isa = PBXBuildFile; fileRef = 192BA12F1CD332C500117FF6 /* AnimationsTests.swift */; };
		192BA13B1CD332C500117FF6 /* AnimationsUITests.swift in Sources */ = {isa = PBXBuildFile; fileRef = 192BA13A1CD332C500117FF6 /* AnimationsUITests.swift */; };
		1988E8981CD673E9003E143B /* DetailViewController.swift in Sources */ = {isa = PBXBuildFile; fileRef = 1988E8971CD673E9003E143B /* DetailViewController.swift */; };
		1988E89A1CD6801E003E143B /* Common.swift in Sources */ = {isa = PBXBuildFile; fileRef = 1988E8991CD6801E003E143B /* Common.swift */; };
/* End PBXBuildFile section */

/* Begin PBXContainerItemProxy section */
		192BA12C1CD332C500117FF6 /* PBXContainerItemProxy */ = {
			isa = PBXContainerItemProxy;
			containerPortal = 192BA10F1CD332C500117FF6 /* Project object */;
			proxyType = 1;
			remoteGlobalIDString = 192BA1161CD332C500117FF6;
			remoteInfo = Animations;
		};
		192BA1371CD332C500117FF6 /* PBXContainerItemProxy */ = {
			isa = PBXContainerItemProxy;
			containerPortal = 192BA10F1CD332C500117FF6 /* Project object */;
			proxyType = 1;
			remoteGlobalIDString = 192BA1161CD332C500117FF6;
			remoteInfo = Animations;
		};
/* End PBXContainerItemProxy section */

/* Begin PBXFileReference section */
		192BA1171CD332C500117FF6 /* Animations.app */ = {isa = PBXFileReference; explicitFileType = wrapper.application; includeInIndex = 0; path = Animations.app; sourceTree = BUILT_PRODUCTS_DIR; };
		192BA11A1CD332C500117FF6 /* AppDelegate.swift */ = {isa = PBXFileReference; lastKnownFileType = sourcecode.swift; path = AppDelegate.swift; sourceTree = "<group>"; };
		192BA11C1CD332C500117FF6 /* ViewController.swift */ = {isa = PBXFileReference; lastKnownFileType = sourcecode.swift; path = ViewController.swift; sourceTree = "<group>"; };
		192BA11F1CD332C500117FF6 /* Base */ = {isa = PBXFileReference; lastKnownFileType = file.storyboard; name = Base; path = Base.lproj/Main.storyboard; sourceTree = "<group>"; };
		192BA1211CD332C500117FF6 /* Assets.xcassets */ = {isa = PBXFileReference; lastKnownFileType = folder.assetcatalog; path = Assets.xcassets; sourceTree = "<group>"; };
		192BA1241CD332C500117FF6 /* Base */ = {isa = PBXFileReference; lastKnownFileType = file.storyboard; name = Base; path = Base.lproj/LaunchScreen.storyboard; sourceTree = "<group>"; };
		192BA1261CD332C500117FF6 /* Info.plist */ = {isa = PBXFileReference; lastKnownFileType = text.plist.xml; path = Info.plist; sourceTree = "<group>"; };
		192BA12B1CD332C500117FF6 /* AnimationsTests.xctest */ = {isa = PBXFileReference; explicitFileType = wrapper.cfbundle; includeInIndex = 0; path = AnimationsTests.xctest; sourceTree = BUILT_PRODUCTS_DIR; };
		192BA12F1CD332C500117FF6 /* AnimationsTests.swift */ = {isa = PBXFileReference; lastKnownFileType = sourcecode.swift; path = AnimationsTests.swift; sourceTree = "<group>"; };
		192BA1311CD332C500117FF6 /* Info.plist */ = {isa = PBXFileReference; lastKnownFileType = text.plist.xml; path = Info.plist; sourceTree = "<group>"; };
		192BA1361CD332C500117FF6 /* AnimationsUITests.xctest */ = {isa = PBXFileReference; explicitFileType = wrapper.cfbundle; includeInIndex = 0; path = AnimationsUITests.xctest; sourceTree = BUILT_PRODUCTS_DIR; };
		192BA13A1CD332C500117FF6 /* AnimationsUITests.swift */ = {isa = PBXFileReference; lastKnownFileType = sourcecode.swift; path = AnimationsUITests.swift; sourceTree = "<group>"; };
		192BA13C1CD332C500117FF6 /* Info.plist */ = {isa = PBXFileReference; lastKnownFileType = text.plist.xml; path = Info.plist; sourceTree = "<group>"; };
		1988E8971CD673E9003E143B /* DetailViewController.swift */ = {isa = PBXFileReference; fileEncoding = 4; lastKnownFileType = sourcecode.swift; path = DetailViewController.swift; sourceTree = "<group>"; };
		1988E8991CD6801E003E143B /* Common.swift */ = {isa = PBXFileReference; fileEncoding = 4; lastKnownFileType = sourcecode.swift; path = Common.swift; sourceTree = "<group>"; };
/* End PBXFileReference section */

/* Begin PBXFrameworksBuildPhase section */
		192BA1141CD332C500117FF6 /* Frameworks */ = {
			isa = PBXFrameworksBuildPhase;
			buildActionMask = 2147483647;
			files = (
			);
			runOnlyForDeploymentPostprocessing = 0;
		};
		192BA1281CD332C500117FF6 /* Frameworks */ = {
			isa = PBXFrameworksBuildPhase;
			buildActionMask = 2147483647;
			files = (
			);
			runOnlyForDeploymentPostprocessing = 0;
		};
		192BA1331CD332C500117FF6 /* Frameworks */ = {
			isa = PBXFrameworksBuildPhase;
			buildActionMask = 2147483647;
			files = (
			);
			runOnlyForDeploymentPostprocessing = 0;
		};
/* End PBXFrameworksBuildPhase section */

/* Begin PBXGroup section */
		192BA10E1CD332C500117FF6 = {
			isa = PBXGroup;
			children = (
				192BA1191CD332C500117FF6 /* Animations */,
				192BA12E1CD332C500117FF6 /* AnimationsTests */,
				192BA1391CD332C500117FF6 /* AnimationsUITests */,
				192BA1181CD332C500117FF6 /* Products */,
			);
			sourceTree = "<group>";
		};
		192BA1181CD332C500117FF6 /* Products */ = {
			isa = PBXGroup;
			children = (
				192BA1171CD332C500117FF6 /* Animations.app */,
				192BA12B1CD332C500117FF6 /* AnimationsTests.xctest */,
				192BA1361CD332C500117FF6 /* AnimationsUITests.xctest */,
			);
			name = Products;
			sourceTree = "<group>";
		};
		192BA1191CD332C500117FF6 /* Animations */ = {
			isa = PBXGroup;
			children = (
				192BA11A1CD332C500117FF6 /* AppDelegate.swift */,
				192BA11C1CD332C500117FF6 /* ViewController.swift */,
				1988E8971CD673E9003E143B /* DetailViewController.swift */,
				1988E8991CD6801E003E143B /* Common.swift */,
				192BA11E1CD332C500117FF6 /* Main.storyboard */,
				192BA1211CD332C500117FF6 /* Assets.xcassets */,
				192BA1231CD332C500117FF6 /* LaunchScreen.storyboard */,
				192BA1261CD332C500117FF6 /* Info.plist */,
			);
			path = Animations;
			sourceTree = "<group>";
		};
		192BA12E1CD332C500117FF6 /* AnimationsTests */ = {
			isa = PBXGroup;
			children = (
				192BA12F1CD332C500117FF6 /* AnimationsTests.swift */,
				192BA1311CD332C500117FF6 /* Info.plist */,
			);
			path = AnimationsTests;
			sourceTree = "<group>";
		};
		192BA1391CD332C500117FF6 /* AnimationsUITests */ = {
			isa = PBXGroup;
			children = (
				192BA13A1CD332C500117FF6 /* AnimationsUITests.swift */,
				192BA13C1CD332C500117FF6 /* Info.plist */,
			);
			path = AnimationsUITests;
			sourceTree = "<group>";
		};
/* End PBXGroup section */

/* Begin PBXNativeTarget section */
		192BA1161CD332C500117FF6 /* Animations */ = {
			isa = PBXNativeTarget;
			buildConfigurationList = 192BA13F1CD332C500117FF6 /* Build configuration list for PBXNativeTarget "Animations" */;
			buildPhases = (
				192BA1131CD332C500117FF6 /* Sources */,
				192BA1141CD332C500117FF6 /* Frameworks */,
				192BA1151CD332C500117FF6 /* Resources */,
			);
			buildRules = (
			);
			dependencies = (
			);
			name = Animations;
			productName = Animations;
			productReference = 192BA1171CD332C500117FF6 /* Animations.app */;
			productType = "com.apple.product-type.application";
		};
		192BA12A1CD332C500117FF6 /* AnimationsTests */ = {
			isa = PBXNativeTarget;
			buildConfigurationList = 192BA1421CD332C500117FF6 /* Build configuration list for PBXNativeTarget "AnimationsTests" */;
			buildPhases = (
				192BA1271CD332C500117FF6 /* Sources */,
				192BA1281CD332C500117FF6 /* Frameworks */,
				192BA1291CD332C500117FF6 /* Resources */,
			);
			buildRules = (
			);
			dependencies = (
				192BA12D1CD332C500117FF6 /* PBXTargetDependency */,
			);
			name = AnimationsTests;
			productName = AnimationsTests;
			productReference = 192BA12B1CD332C500117FF6 /* AnimationsTests.xctest */;
			productType = "com.apple.product-type.bundle.unit-test";
		};
		192BA1351CD332C500117FF6 /* AnimationsUITests */ = {
			isa = PBXNativeTarget;
			buildConfigurationList = 192BA1451CD332C500117FF6 /* Build configuration list for PBXNativeTarget "AnimationsUITests" */;
			buildPhases = (
				192BA1321CD332C500117FF6 /* Sources */,
				192BA1331CD332C500117FF6 /* Frameworks */,
				192BA1341CD332C500117FF6 /* Resources */,
			);
			buildRules = (
			);
			dependencies = (
				192BA1381CD332C500117FF6 /* PBXTargetDependency */,
			);
			name = AnimationsUITests;
			productName = AnimationsUITests;
			productReference = 192BA1361CD332C500117FF6 /* AnimationsUITests.xctest */;
			productType = "com.apple.product-type.bundle.ui-testing";
		};
/* End PBXNativeTarget section */

/* Begin PBXProject section */
		192BA10F1CD332C500117FF6 /* Project object */ = {
			isa = PBXProject;
			attributes = {
				LastSwiftUpdateCheck = 0730;
				LastUpgradeCheck = 1020;
				ORGANIZATIONNAME = YiGu;
				TargetAttributes = {
					192BA1161CD332C500117FF6 = {
						CreatedOnToolsVersion = 7.3;
						LastSwiftMigration = 1020;
					};
					192BA12A1CD332C500117FF6 = {
						CreatedOnToolsVersion = 7.3;
						LastSwiftMigration = 1020;
						TestTargetID = 192BA1161CD332C500117FF6;
					};
					192BA1351CD332C500117FF6 = {
						CreatedOnToolsVersion = 7.3;
						LastSwiftMigration = 1020;
						TestTargetID = 192BA1161CD332C500117FF6;
					};
				};
			};
			buildConfigurationList = 192BA1121CD332C500117FF6 /* Build configuration list for PBXProject "Animations" */;
			compatibilityVersion = "Xcode 3.2";
			developmentRegion = en;
			hasScannedForEncodings = 0;
			knownRegions = (
				en,
				Base,
			);
			mainGroup = 192BA10E1CD332C500117FF6;
			productRefGroup = 192BA1181CD332C500117FF6 /* Products */;
			projectDirPath = "";
			projectRoot = "";
			targets = (
				192BA1161CD332C500117FF6 /* Animations */,
				192BA12A1CD332C500117FF6 /* AnimationsTests */,
				192BA1351CD332C500117FF6 /* AnimationsUITests */,
			);
		};
/* End PBXProject section */

/* Begin PBXResourcesBuildPhase section */
		192BA1151CD332C500117FF6 /* Resources */ = {
			isa = PBXResourcesBuildPhase;
			buildActionMask = 2147483647;
			files = (
				192BA1251CD332C500117FF6 /* LaunchScreen.storyboard in Resources */,
				192BA1221CD332C500117FF6 /* Assets.xcassets in Resources */,
				192BA1201CD332C500117FF6 /* Main.storyboard in Resources */,
			);
			runOnlyForDeploymentPostprocessing = 0;
		};
		192BA1291CD332C500117FF6 /* Resources */ = {
			isa = PBXResourcesBuildPhase;
			buildActionMask = 2147483647;
			files = (
			);
			runOnlyForDeploymentPostprocessing = 0;
		};
		192BA1341CD332C500117FF6 /* Resources */ = {
			isa = PBXResourcesBuildPhase;
			buildActionMask = 2147483647;
			files = (
			);
			runOnlyForDeploymentPostprocessing = 0;
		};
/* End PBXResourcesBuildPhase section */

/* Begin PBXSourcesBuildPhase section */
		192BA1131CD332C500117FF6 /* Sources */ = {
			isa = PBXSourcesBuildPhase;
			buildActionMask = 2147483647;
			files = (
				1988E89A1CD6801E003E143B /* Common.swift in Sources */,
				1988E8981CD673E9003E143B /* DetailViewController.swift in Sources */,
				192BA11D1CD332C500117FF6 /* ViewController.swift in Sources */,
				192BA11B1CD332C500117FF6 /* AppDelegate.swift in Sources */,
			);
			runOnlyForDeploymentPostprocessing = 0;
		};
		192BA1271CD332C500117FF6 /* Sources */ = {
			isa = PBXSourcesBuildPhase;
			buildActionMask = 2147483647;
			files = (
				192BA1301CD332C500117FF6 /* AnimationsTests.swift in Sources */,
			);
			runOnlyForDeploymentPostprocessing = 0;
		};
		192BA1321CD332C500117FF6 /* Sources */ = {
			isa = PBXSourcesBuildPhase;
			buildActionMask = 2147483647;
			files = (
				192BA13B1CD332C500117FF6 /* AnimationsUITests.swift in Sources */,
			);
			runOnlyForDeploymentPostprocessing = 0;
		};
/* End PBXSourcesBuildPhase section */

/* Begin PBXTargetDependency section */
		192BA12D1CD332C500117FF6 /* PBXTargetDependency */ = {
			isa = PBXTargetDependency;
			target = 192BA1161CD332C500117FF6 /* Animations */;
			targetProxy = 192BA12C1CD332C500117FF6 /* PBXContainerItemProxy */;
		};
		192BA1381CD332C500117FF6 /* PBXTargetDependency */ = {
			isa = PBXTargetDependency;
			target = 192BA1161CD332C500117FF6 /* Animations */;
			targetProxy = 192BA1371CD332C500117FF6 /* PBXContainerItemProxy */;
		};
/* End PBXTargetDependency section */

/* Begin PBXVariantGroup section */
		192BA11E1CD332C500117FF6 /* Main.storyboard */ = {
			isa = PBXVariantGroup;
			children = (
				192BA11F1CD332C500117FF6 /* Base */,
			);
			name = Main.storyboard;
			sourceTree = "<group>";
		};
		192BA1231CD332C500117FF6 /* LaunchScreen.storyboard */ = {
			isa = PBXVariantGroup;
			children = (
				192BA1241CD332C500117FF6 /* Base */,
			);
			name = LaunchScreen.storyboard;
			sourceTree = "<group>";
		};
/* End PBXVariantGroup section */

/* Begin XCBuildConfiguration section */
		192BA13D1CD332C500117FF6 /* Debug */ = {
			isa = XCBuildConfiguration;
			buildSettings = {
				ALWAYS_SEARCH_USER_PATHS = NO;
				CLANG_ANALYZER_LOCALIZABILITY_NONLOCALIZED = YES;
				CLANG_ANALYZER_NONNULL = YES;
				CLANG_CXX_LANGUAGE_STANDARD = "gnu++0x";
				CLANG_CXX_LIBRARY = "libc++";
				CLANG_ENABLE_MODULES = YES;
				CLANG_ENABLE_OBJC_ARC = YES;
				CLANG_WARN_BLOCK_CAPTURE_AUTORELEASING = YES;
				CLANG_WARN_BOOL_CONVERSION = YES;
				CLANG_WARN_COMMA = YES;
				CLANG_WARN_CONSTANT_CONVERSION = YES;
				CLANG_WARN_DEPRECATED_OBJC_IMPLEMENTATIONS = YES;
				CLANG_WARN_DIRECT_OBJC_ISA_USAGE = YES_ERROR;
				CLANG_WARN_EMPTY_BODY = YES;
				CLANG_WARN_ENUM_CONVERSION = YES;
				CLANG_WARN_INFINITE_RECURSION = YES;
				CLANG_WARN_INT_CONVERSION = YES;
				CLANG_WARN_NON_LITERAL_NULL_CONVERSION = YES;
				CLANG_WARN_OBJC_IMPLICIT_RETAIN_SELF = YES;
				CLANG_WARN_OBJC_LITERAL_CONVERSION = YES;
				CLANG_WARN_OBJC_ROOT_CLASS = YES_ERROR;
				CLANG_WARN_RANGE_LOOP_ANALYSIS = YES;
				CLANG_WARN_STRICT_PROTOTYPES = YES;
				CLANG_WARN_SUSPICIOUS_MOVE = YES;
				CLANG_WARN_UNREACHABLE_CODE = YES;
				CLANG_WARN__DUPLICATE_METHOD_MATCH = YES;
				"CODE_SIGN_IDENTITY[sdk=iphoneos*]" = "iPhone Developer";
				COPY_PHASE_STRIP = NO;
				DEBUG_INFORMATION_FORMAT = dwarf;
				ENABLE_STRICT_OBJC_MSGSEND = YES;
				ENABLE_TESTABILITY = YES;
				GCC_C_LANGUAGE_STANDARD = gnu99;
				GCC_DYNAMIC_NO_PIC = NO;
				GCC_NO_COMMON_BLOCKS = YES;
				GCC_OPTIMIZATION_LEVEL = 0;
				GCC_PREPROCESSOR_DEFINITIONS = (
					"DEBUG=1",
					"$(inherited)",
				);
				GCC_WARN_64_TO_32_BIT_CONVERSION = YES;
				GCC_WARN_ABOUT_RETURN_TYPE = YES_ERROR;
				GCC_WARN_UNDECLARED_SELECTOR = YES;
				GCC_WARN_UNINITIALIZED_AUTOS = YES_AGGRESSIVE;
				GCC_WARN_UNUSED_FUNCTION = YES;
				GCC_WARN_UNUSED_VARIABLE = YES;
				IPHONEOS_DEPLOYMENT_TARGET = 11.0;
				MTL_ENABLE_DEBUG_INFO = YES;
				ONLY_ACTIVE_ARCH = YES;
				SDKROOT = iphoneos;
				SWIFT_OPTIMIZATION_LEVEL = "-Onone";
			};
			name = Debug;
		};
		192BA13E1CD332C500117FF6 /* Release */ = {
			isa = XCBuildConfiguration;
			buildSettings = {
				ALWAYS_SEARCH_USER_PATHS = NO;
				CLANG_ANALYZER_LOCALIZABILITY_NONLOCALIZED = YES;
				CLANG_ANALYZER_NONNULL = YES;
				CLANG_CXX_LANGUAGE_STANDARD = "gnu++0x";
				CLANG_CXX_LIBRARY = "libc++";
				CLANG_ENABLE_MODULES = YES;
				CLANG_ENABLE_OBJC_ARC = YES;
				CLANG_WARN_BLOCK_CAPTURE_AUTORELEASING = YES;
				CLANG_WARN_BOOL_CONVERSION = YES;
				CLANG_WARN_COMMA = YES;
				CLANG_WARN_CONSTANT_CONVERSION = YES;
				CLANG_WARN_DEPRECATED_OBJC_IMPLEMENTATIONS = YES;
				CLANG_WARN_DIRECT_OBJC_ISA_USAGE = YES_ERROR;
				CLANG_WARN_EMPTY_BODY = YES;
				CLANG_WARN_ENUM_CONVERSION = YES;
				CLANG_WARN_INFINITE_RECURSION = YES;
				CLANG_WARN_INT_CONVERSION = YES;
				CLANG_WARN_NON_LITERAL_NULL_CONVERSION = YES;
				CLANG_WARN_OBJC_IMPLICIT_RETAIN_SELF = YES;
				CLANG_WARN_OBJC_LITERAL_CONVERSION = YES;
				CLANG_WARN_OBJC_ROOT_CLASS = YES_ERROR;
				CLANG_WARN_RANGE_LOOP_ANALYSIS = YES;
				CLANG_WARN_STRICT_PROTOTYPES = YES;
				CLANG_WARN_SUSPICIOUS_MOVE = YES;
				CLANG_WARN_UNREACHABLE_CODE = YES;
				CLANG_WARN__DUPLICATE_METHOD_MATCH = YES;
				"CODE_SIGN_IDENTITY[sdk=iphoneos*]" = "iPhone Developer";
				COPY_PHASE_STRIP = NO;
				DEBUG_INFORMATION_FORMAT = "dwarf-with-dsym";
				ENABLE_NS_ASSERTIONS = NO;
				ENABLE_STRICT_OBJC_MSGSEND = YES;
				GCC_C_LANGUAGE_STANDARD = gnu99;
				GCC_NO_COMMON_BLOCKS = YES;
				GCC_WARN_64_TO_32_BIT_CONVERSION = YES;
				GCC_WARN_ABOUT_RETURN_TYPE = YES_ERROR;
				GCC_WARN_UNDECLARED_SELECTOR = YES;
				GCC_WARN_UNINITIALIZED_AUTOS = YES_AGGRESSIVE;
				GCC_WARN_UNUSED_FUNCTION = YES;
				GCC_WARN_UNUSED_VARIABLE = YES;
				IPHONEOS_DEPLOYMENT_TARGET = 11.0;
				MTL_ENABLE_DEBUG_INFO = NO;
				SDKROOT = iphoneos;
				SWIFT_OPTIMIZATION_LEVEL = "-Owholemodule";
				VALIDATE_PRODUCT = YES;
			};
			name = Release;
		};
		192BA1401CD332C500117FF6 /* Debug */ = {
			isa = XCBuildConfiguration;
			buildSettings = {
				ASSETCATALOG_COMPILER_APPICON_NAME = AppIcon;
				INFOPLIST_FILE = Animations/Info.plist;
				LD_RUNPATH_SEARCH_PATHS = "$(inherited) @executable_path/Frameworks";
				PRODUCT_BUNDLE_IDENTIFIER = com.yigu.Animations;
				PRODUCT_NAME = "$(TARGET_NAME)";
				SWIFT_VERSION = 5.0;
			};
			name = Debug;
		};
		192BA1411CD332C500117FF6 /* Release */ = {
			isa = XCBuildConfiguration;
			buildSettings = {
				ASSETCATALOG_COMPILER_APPICON_NAME = AppIcon;
				INFOPLIST_FILE = Animations/Info.plist;
				LD_RUNPATH_SEARCH_PATHS = "$(inherited) @executable_path/Frameworks";
				PRODUCT_BUNDLE_IDENTIFIER = com.yigu.Animations;
				PRODUCT_NAME = "$(TARGET_NAME)";
				SWIFT_VERSION = 5.0;
			};
			name = Release;
		};
		192BA1431CD332C500117FF6 /* Debug */ = {
			isa = XCBuildConfiguration;
			buildSettings = {
				BUNDLE_LOADER = "$(TEST_HOST)";
				INFOPLIST_FILE = AnimationsTests/Info.plist;
				LD_RUNPATH_SEARCH_PATHS = "$(inherited) @executable_path/Frameworks @loader_path/Frameworks";
				PRODUCT_BUNDLE_IDENTIFIER = com.yigu.AnimationsTests;
				PRODUCT_NAME = "$(TARGET_NAME)";
				SWIFT_VERSION = 5.0;
				TEST_HOST = "$(BUILT_PRODUCTS_DIR)/Animations.app/Animations";
			};
			name = Debug;
		};
		192BA1441CD332C500117FF6 /* Release */ = {
			isa = XCBuildConfiguration;
			buildSettings = {
				BUNDLE_LOADER = "$(TEST_HOST)";
				INFOPLIST_FILE = AnimationsTests/Info.plist;
				LD_RUNPATH_SEARCH_PATHS = "$(inherited) @executable_path/Frameworks @loader_path/Frameworks";
				PRODUCT_BUNDLE_IDENTIFIER = com.yigu.AnimationsTests;
				PRODUCT_NAME = "$(TARGET_NAME)";
				SWIFT_VERSION = 5.0;
				TEST_HOST = "$(BUILT_PRODUCTS_DIR)/Animations.app/Animations";
			};
			name = Release;
		};
		192BA1461CD332C500117FF6 /* Debug */ = {
			isa = XCBuildConfiguration;
			buildSettings = {
				INFOPLIST_FILE = AnimationsUITests/Info.plist;
				LD_RUNPATH_SEARCH_PATHS = "$(inherited) @executable_path/Frameworks @loader_path/Frameworks";
				PRODUCT_BUNDLE_IDENTIFIER = com.yigu.AnimationsUITests;
				PRODUCT_NAME = "$(TARGET_NAME)";
				SWIFT_VERSION = 5.0;
				TEST_TARGET_NAME = Animations;
			};
			name = Debug;
		};
		192BA1471CD332C500117FF6 /* Release */ = {
			isa = XCBuildConfiguration;
			buildSettings = {
				INFOPLIST_FILE = AnimationsUITests/Info.plist;
				LD_RUNPATH_SEARCH_PATHS = "$(inherited) @executable_path/Frameworks @loader_path/Frameworks";
				PRODUCT_BUNDLE_IDENTIFIER = com.yigu.AnimationsUITests;
				PRODUCT_NAME = "$(TARGET_NAME)";
				SWIFT_VERSION = 5.0;
				TEST_TARGET_NAME = Animations;
			};
			name = Release;
		};
/* End XCBuildConfiguration section */

/* Begin XCConfigurationList section */
		192BA1121CD332C500117FF6 /* Build configuration list for PBXProject "Animations" */ = {
			isa = XCConfigurationList;
			buildConfigurations = (
				192BA13D1CD332C500117FF6 /* Debug */,
				192BA13E1CD332C500117FF6 /* Release */,
			);
			defaultConfigurationIsVisible = 0;
			defaultConfigurationName = Release;
		};
		192BA13F1CD332C500117FF6 /* Build configuration list for PBXNativeTarget "Animations" */ = {
			isa = XCConfigurationList;
			buildConfigurations = (
				192BA1401CD332C500117FF6 /* Debug */,
				192BA1411CD332C500117FF6 /* Release */,
			);
			defaultConfigurationIsVisible = 0;
			defaultConfigurationName = Release;
		};
		192BA1421CD332C500117FF6 /* Build configuration list for PBXNativeTarget "AnimationsTests" */ = {
			isa = XCConfigurationList;
			buildConfigurations = (
				192BA1431CD332C500117FF6 /* Debug */,
				192BA1441CD332C500117FF6 /* Release */,
			);
			defaultConfigurationIsVisible = 0;
			defaultConfigurationName = Release;
		};
		192BA1451CD332C500117FF6 /* Build configuration list for PBXNativeTarget "AnimationsUITests" */ = {
			isa = XCConfigurationList;
			buildConfigurations = (
				192BA1461CD332C500117FF6 /* Debug */,
				192BA1471CD332C500117FF6 /* Release */,
			);
			defaultConfigurationIsVisible = 0;
			defaultConfigurationName = Release;
		};
/* End XCConfigurationList section */
	};
	rootObject = 192BA10F1CD332C500117FF6 /* Project object */;
}
