// !$*UTF8*$!
{
	archiveVersion = 1;
	classes = {
	};
	objectVersion = 46;
	objects = {

/* Begin PBXBuildFile section */
		F47029F61A7F27DB00E30A3C /* AppDelegate.swift in Sources */ = {isa = PBXBuildFile; fileRef = F47029F51A7F27DB00E30A3C /* AppDelegate.swift */; };
		F47029FB1A7F27DB00E30A3C /* Main.storyboard in Resources */ = {isa = PBXBuildFile; fileRef = F47029F91A7F27DB00E30A3C /* Main.storyboard */; };
		F47029FD1A7F27DB00E30A3C /* Images.xcassets in Resources */ = {isa = PBXBuildFile; fileRef = F47029FC1A7F27DB00E30A3C /* Images.xcassets */; };
		F4702A001A7F27DC00E30A3C /* LaunchScreen.xib in Resources */ = {isa = PBXBuildFile; fileRef = F47029FE1A7F27DB00E30A3C /* LaunchScreen.xib */; };
		F4702A0C1A7F27DC00E30A3C /* SidebarMenuTests.swift in Sources */ = {isa = PBXBuildFile; fileRef = F4702A0B1A7F27DC00E30A3C /* SidebarMenuTests.swift */; };
		F4702A161A7F342F00E30A3C /* MapKit.framework in Frameworks */ = {isa = PBXBuildFile; fileRef = F4702A151A7F342F00E30A3C /* MapKit.framework */; };
		F4702A181A7F351C00E30A3C /* MenuController.swift in Sources */ = {isa = PBXBuildFile; fileRef = F4702A171A7F351C00E30A3C /* MenuController.swift */; };
		F491E74A1A7F4B300026528E /* NewsTableViewController.swift in Sources */ = {isa = PBXBuildFile; fileRef = F491E7491A7F4B300026528E /* NewsTableViewController.swift */; };
		F491E74C1A7F4C630026528E /* NewsTableViewCell.swift in Sources */ = {isa = PBXBuildFile; fileRef = F491E74B1A7F4C630026528E /* NewsTableViewCell.swift */; };
		F491E7531A7F7DF20026528E /* MapViewController.swift in Sources */ = {isa = PBXBuildFile; fileRef = F491E7521A7F7DF20026528E /* MapViewController.swift */; };
		F491E7551A7F7E010026528E /* PhotoViewController.swift in Sources */ = {isa = PBXBuildFile; fileRef = F491E7541A7F7E010026528E /* PhotoViewController.swift */; };
/* End PBXBuildFile section */

/* Begin PBXContainerItemProxy section */
		F4702A061A7F27DC00E30A3C /* PBXContainerItemProxy */ = {
			isa = PBXContainerItemProxy;
			containerPortal = F47029E81A7F27DB00E30A3C /* Project object */;
			proxyType = 1;
			remoteGlobalIDString = F47029EF1A7F27DB00E30A3C;
			remoteInfo = SidebarMenu;
		};
/* End PBXContainerItemProxy section */

/* Begin PBXFileReference section */
		F47029F01A7F27DB00E30A3C /* SidebarMenu.app */ = {isa = PBXFileReference; explicitFileType = wrapper.application; includeInIndex = 0; path = SidebarMenu.app; sourceTree = BUILT_PRODUCTS_DIR; };
		F47029F41A7F27DB00E30A3C /* Info.plist */ = {isa = PBXFileReference; lastKnownFileType = text.plist.xml; path = Info.plist; sourceTree = "<group>"; };
		F47029F51A7F27DB00E30A3C /* AppDelegate.swift */ = {isa = PBXFileReference; lastKnownFileType = sourcecode.swift; path = AppDelegate.swift; sourceTree = "<group>"; };
		F47029FA1A7F27DB00E30A3C /* Base */ = {isa = PBXFileReference; lastKnownFileType = file.storyboard; name = Base; path = Base.lproj/Main.storyboard; sourceTree = "<group>"; };
		F47029FC1A7F27DB00E30A3C /* Images.xcassets */ = {isa = PBXFileReference; lastKnownFileType = folder.assetcatalog; path = Images.xcassets; sourceTree = "<group>"; };
		F47029FF1A7F27DB00E30A3C /* Base */ = {isa = PBXFileReference; lastKnownFileType = file.xib; name = Base; path = Base.lproj/LaunchScreen.xib; sourceTree = "<group>"; };
		F4702A051A7F27DC00E30A3C /* SidebarMenuTests.xctest */ = {isa = PBXFileReference; explicitFileType = wrapper.cfbundle; includeInIndex = 0; path = SidebarMenuTests.xctest; sourceTree = BUILT_PRODUCTS_DIR; };
		F4702A0A1A7F27DC00E30A3C /* Info.plist */ = {isa = PBXFileReference; lastKnownFileType = text.plist.xml; path = Info.plist; sourceTree = "<group>"; };
		F4702A0B1A7F27DC00E30A3C /* SidebarMenuTests.swift */ = {isa = PBXFileReference; lastKnownFileType = sourcecode.swift; path = SidebarMenuTests.swift; sourceTree = "<group>"; };
		F4702A151A7F342F00E30A3C /* MapKit.framework */ = {isa = PBXFileReference; lastKnownFileType = wrapper.framework; name = MapKit.framework; path = System/Library/Frameworks/MapKit.framework; sourceTree = SDKROOT; };
		F4702A171A7F351C00E30A3C /* MenuController.swift */ = {isa = PBXFileReference; fileEncoding = 4; lastKnownFileType = sourcecode.swift; path = MenuController.swift; sourceTree = "<group>"; };
		F491E7491A7F4B300026528E /* NewsTableViewController.swift */ = {isa = PBXFileReference; fileEncoding = 4; lastKnownFileType = sourcecode.swift; path = NewsTableViewController.swift; sourceTree = "<group>"; };
		F491E74B1A7F4C630026528E /* NewsTableViewCell.swift */ = {isa = PBXFileReference; fileEncoding = 4; lastKnownFileType = sourcecode.swift; path = NewsTableViewCell.swift; sourceTree = "<group>"; };
		F491E7521A7F7DF20026528E /* MapViewController.swift */ = {isa = PBXFileReference; fileEncoding = 4; lastKnownFileType = sourcecode.swift; path = MapViewController.swift; sourceTree = "<group>"; };
		F491E7541A7F7E010026528E /* PhotoViewController.swift */ = {isa = PBXFileReference; fileEncoding = 4; lastKnownFileType = sourcecode.swift; path = PhotoViewController.swift; sourceTree = "<group>"; };
/* End PBXFileReference section */

/* Begin PBXFrameworksBuildPhase section */
		F47029ED1A7F27DB00E30A3C /* Frameworks */ = {
			isa = PBXFrameworksBuildPhase;
			buildActionMask = 2147483647;
			files = (
				F4702A161A7F342F00E30A3C /* MapKit.framework in Frameworks */,
			);
			runOnlyForDeploymentPostprocessing = 0;
		};
		F4702A021A7F27DC00E30A3C /* Frameworks */ = {
			isa = PBXFrameworksBuildPhase;
			buildActionMask = 2147483647;
			files = (
			);
			runOnlyForDeploymentPostprocessing = 0;
		};
/* End PBXFrameworksBuildPhase section */

/* Begin PBXGroup section */
		F47029E71A7F27DB00E30A3C = {
			isa = PBXGroup;
			children = (
				F4702A151A7F342F00E30A3C /* MapKit.framework */,
				F47029F21A7F27DB00E30A3C /* SidebarMenu */,
				F4702A081A7F27DC00E30A3C /* SidebarMenuTests */,
				F47029F11A7F27DB00E30A3C /* Products */,
			);
			sourceTree = "<group>";
		};
		F47029F11A7F27DB00E30A3C /* Products */ = {
			isa = PBXGroup;
			children = (
				F47029F01A7F27DB00E30A3C /* SidebarMenu.app */,
				F4702A051A7F27DC00E30A3C /* SidebarMenuTests.xctest */,
			);
			name = Products;
			sourceTree = "<group>";
		};
		F47029F21A7F27DB00E30A3C /* SidebarMenu */ = {
			isa = PBXGroup;
			children = (
				F47029F51A7F27DB00E30A3C /* AppDelegate.swift */,
				F47029F91A7F27DB00E30A3C /* Main.storyboard */,
				F47029FC1A7F27DB00E30A3C /* Images.xcassets */,
				F47029FE1A7F27DB00E30A3C /* LaunchScreen.xib */,
				F47029F31A7F27DB00E30A3C /* Supporting Files */,
				F4702A171A7F351C00E30A3C /* MenuController.swift */,
				F491E7491A7F4B300026528E /* NewsTableViewController.swift */,
				F491E74B1A7F4C630026528E /* NewsTableViewCell.swift */,
				F491E7521A7F7DF20026528E /* MapViewController.swift */,
				F491E7541A7F7E010026528E /* PhotoViewController.swift */,
			);
			path = SidebarMenu;
			sourceTree = "<group>";
		};
		F47029F31A7F27DB00E30A3C /* Supporting Files */ = {
			isa = PBXGroup;
			children = (
				F47029F41A7F27DB00E30A3C /* Info.plist */,
			);
			name = "Supporting Files";
			sourceTree = "<group>";
		};
		F4702A081A7F27DC00E30A3C /* SidebarMenuTests */ = {
			isa = PBXGroup;
			children = (
				F4702A0B1A7F27DC00E30A3C /* SidebarMenuTests.swift */,
				F4702A091A7F27DC00E30A3C /* Supporting Files */,
			);
			path = SidebarMenuTests;
			sourceTree = "<group>";
		};
		F4702A091A7F27DC00E30A3C /* Supporting Files */ = {
			isa = PBXGroup;
			children = (
				F4702A0A1A7F27DC00E30A3C /* Info.plist */,
			);
			name = "Supporting Files";
			sourceTree = "<group>";
		};
/* End PBXGroup section */

/* Begin PBXNativeTarget section */
		F47029EF1A7F27DB00E30A3C /* SidebarMenu */ = {
			isa = PBXNativeTarget;
			buildConfigurationList = F4702A0F1A7F27DC00E30A3C /* Build configuration list for PBXNativeTarget "SidebarMenu" */;
			buildPhases = (
				F47029EC1A7F27DB00E30A3C /* Sources */,
				F47029ED1A7F27DB00E30A3C /* Frameworks */,
				F47029EE1A7F27DB00E30A3C /* Resources */,
			);
			buildRules = (
			);
			dependencies = (
			);
			name = SidebarMenu;
			productName = SidebarMenu;
			productReference = F47029F01A7F27DB00E30A3C /* SidebarMenu.app */;
			productType = "com.apple.product-type.application";
		};
		F4702A041A7F27DC00E30A3C /* SidebarMenuTests */ = {
			isa = PBXNativeTarget;
			buildConfigurationList = F4702A121A7F27DC00E30A3C /* Build configuration list for PBXNativeTarget "SidebarMenuTests" */;
			buildPhases = (
				F4702A011A7F27DC00E30A3C /* Sources */,
				F4702A021A7F27DC00E30A3C /* Frameworks */,
				F4702A031A7F27DC00E30A3C /* Resources */,
			);
			buildRules = (
			);
			dependencies = (
				F4702A071A7F27DC00E30A3C /* PBXTargetDependency */,
			);
			name = SidebarMenuTests;
			productName = SidebarMenuTests;
			productReference = F4702A051A7F27DC00E30A3C /* SidebarMenuTests.xctest */;
			productType = "com.apple.product-type.bundle.unit-test";
		};
/* End PBXNativeTarget section */

/* Begin PBXProject section */
		F47029E81A7F27DB00E30A3C /* Project object */ = {
			isa = PBXProject;
			attributes = {
				LastSwiftUpdateCheck = 0700;
				LastUpgradeCheck = 0700;
				ORGANIZATIONNAME = AppCoda;
				TargetAttributes = {
					F47029EF1A7F27DB00E30A3C = {
						CreatedOnToolsVersion = 6.1.1;
						SystemCapabilities = {
							com.apple.Maps.iOS = {
								enabled = 1;
							};
						};
					};
					F4702A041A7F27DC00E30A3C = {
						CreatedOnToolsVersion = 6.1.1;
						TestTargetID = F47029EF1A7F27DB00E30A3C;
					};
				};
			};
			buildConfigurationList = F47029EB1A7F27DB00E30A3C /* Build configuration list for PBXProject "SidebarMenu" */;
			compatibilityVersion = "Xcode 3.2";
			developmentRegion = English;
			hasScannedForEncodings = 0;
			knownRegions = (
				en,
				Base,
			);
			mainGroup = F47029E71A7F27DB00E30A3C;
			productRefGroup = F47029F11A7F27DB00E30A3C /* Products */;
			projectDirPath = "";
			projectRoot = "";
			targets = (
				F47029EF1A7F27DB00E30A3C /* SidebarMenu */,
				F4702A041A7F27DC00E30A3C /* SidebarMenuTests */,
			);
		};
/* End PBXProject section */

/* Begin PBXResourcesBuildPhase section */
		F47029EE1A7F27DB00E30A3C /* Resources */ = {
			isa = PBXResourcesBuildPhase;
			buildActionMask = 2147483647;
			files = (
				F47029FB1A7F27DB00E30A3C /* Main.storyboard in Resources */,
				F4702A001A7F27DC00E30A3C /* LaunchScreen.xib in Resources */,
				F47029FD1A7F27DB00E30A3C /* Images.xcassets in Resources */,
			);
			runOnlyForDeploymentPostprocessing = 0;
		};
		F4702A031A7F27DC00E30A3C /* Resources */ = {
			isa = PBXResourcesBuildPhase;
			buildActionMask = 2147483647;
			files = (
			);
			runOnlyForDeploymentPostprocessing = 0;
		};
/* End PBXResourcesBuildPhase section */

/* Begin PBXSourcesBuildPhase section */
		F47029EC1A7F27DB00E30A3C /* Sources */ = {
			isa = PBXSourcesBuildPhase;
			buildActionMask = 2147483647;
			files = (
				F4702A181A7F351C00E30A3C /* MenuController.swift in Sources */,
				F47029F61A7F27DB00E30A3C /* AppDelegate.swift in Sources */,
				F491E74C1A7F4C630026528E /* NewsTableViewCell.swift in Sources */,
				F491E7531A7F7DF20026528E /* MapViewController.swift in Sources */,
				F491E74A1A7F4B300026528E /* NewsTableViewController.swift in Sources */,
				F491E7551A7F7E010026528E /* PhotoViewController.swift in Sources */,
			);
			runOnlyForDeploymentPostprocessing = 0;
		};
		F4702A011A7F27DC00E30A3C /* Sources */ = {
			isa = PBXSourcesBuildPhase;
			buildActionMask = 2147483647;
			files = (
				F4702A0C1A7F27DC00E30A3C /* SidebarMenuTests.swift in Sources */,
			);
			runOnlyForDeploymentPostprocessing = 0;
		};
/* End PBXSourcesBuildPhase section */

/* Begin PBXTargetDependency section */
		F4702A071A7F27DC00E30A3C /* PBXTargetDependency */ = {
			isa = PBXTargetDependency;
			target = F47029EF1A7F27DB00E30A3C /* SidebarMenu */;
			targetProxy = F4702A061A7F27DC00E30A3C /* PBXContainerItemProxy */;
		};
/* End PBXTargetDependency section */

/* Begin PBXVariantGroup section */
		F47029F91A7F27DB00E30A3C /* Main.storyboard */ = {
			isa = PBXVariantGroup;
			children = (
				F47029FA1A7F27DB00E30A3C /* Base */,
			);
			name = Main.storyboard;
			sourceTree = "<group>";
		};
		F47029FE1A7F27DB00E30A3C /* LaunchScreen.xib */ = {
			isa = PBXVariantGroup;
			children = (
				F47029FF1A7F27DB00E30A3C /* Base */,
			);
			name = LaunchScreen.xib;
			sourceTree = "<group>";
		};
/* End PBXVariantGroup section */

/* Begin XCBuildConfiguration section */
		F4702A0D1A7F27DC00E30A3C /* Debug */ = {
			isa = XCBuildConfiguration;
			buildSettings = {
				ALWAYS_SEARCH_USER_PATHS = NO;
				CLANG_CXX_LANGUAGE_STANDARD = "gnu++0x";
				CLANG_CXX_LIBRARY = "libc++";
				CLANG_ENABLE_MODULES = YES;
				CLANG_ENABLE_OBJC_ARC = YES;
				CLANG_WARN_BOOL_CONVERSION = YES;
				CLANG_WARN_CONSTANT_CONVERSION = YES;
				CLANG_WARN_DIRECT_OBJC_ISA_USAGE = YES_ERROR;
				CLANG_WARN_EMPTY_BODY = YES;
				CLANG_WARN_ENUM_CONVERSION = YES;
				CLANG_WARN_INT_CONVERSION = YES;
				CLANG_WARN_OBJC_ROOT_CLASS = YES_ERROR;
				CLANG_WARN_UNREACHABLE_CODE = YES;
				CLANG_WARN__DUPLICATE_METHOD_MATCH = YES;
				"CODE_SIGN_IDENTITY[sdk=iphoneos*]" = "iPhone Developer";
				COPY_PHASE_STRIP = NO;
				ENABLE_STRICT_OBJC_MSGSEND = YES;
				ENABLE_TESTABILITY = YES;
				GCC_C_LANGUAGE_STANDARD = gnu99;
				GCC_DYNAMIC_NO_PIC = NO;
				GCC_OPTIMIZATION_LEVEL = 0;
				GCC_PREPROCESSOR_DEFINITIONS = (
					"DEBUG=1",
					"$(inherited)",
				);
				GCC_SYMBOLS_PRIVATE_EXTERN = NO;
				GCC_WARN_64_TO_32_BIT_CONVERSION = YES;
				GCC_WARN_ABOUT_RETURN_TYPE = YES_ERROR;
				GCC_WARN_UNDECLARED_SELECTOR = YES;
				GCC_WARN_UNINITIALIZED_AUTOS = YES_AGGRESSIVE;
				GCC_WARN_UNUSED_FUNCTION = YES;
				GCC_WARN_UNUSED_VARIABLE = YES;
				IPHONEOS_DEPLOYMENT_TARGET = 8.1;
				MTL_ENABLE_DEBUG_INFO = YES;
				ONLY_ACTIVE_ARCH = YES;
				SDKROOT = iphoneos;
				SWIFT_OPTIMIZATION_LEVEL = "-Onone";
			};
			name = Debug;
		};
		F4702A0E1A7F27DC00E30A3C /* Release */ = {
			isa = XCBuildConfiguration;
			buildSettings = {
				ALWAYS_SEARCH_USER_PATHS = NO;
				CLANG_CXX_LANGUAGE_STANDARD = "gnu++0x";
				CLANG_CXX_LIBRARY = "libc++";
				CLANG_ENABLE_MODULES = YES;
				CLANG_ENABLE_OBJC_ARC = YES;
				CLANG_WARN_BOOL_CONVERSION = YES;
				CLANG_WARN_CONSTANT_CONVERSION = YES;
				CLANG_WARN_DIRECT_OBJC_ISA_USAGE = YES_ERROR;
				CLANG_WARN_EMPTY_BODY = YES;
				CLANG_WARN_ENUM_CONVERSION = YES;
				CLANG_WARN_INT_CONVERSION = YES;
				CLANG_WARN_OBJC_ROOT_CLASS = YES_ERROR;
				CLANG_WARN_UNREACHABLE_CODE = YES;
				CLANG_WARN__DUPLICATE_METHOD_MATCH = YES;
				"CODE_SIGN_IDENTITY[sdk=iphoneos*]" = "iPhone Developer";
				COPY_PHASE_STRIP = YES;
				ENABLE_NS_ASSERTIONS = NO;
				ENABLE_STRICT_OBJC_MSGSEND = YES;
				GCC_C_LANGUAGE_STANDARD = gnu99;
				GCC_WARN_64_TO_32_BIT_CONVERSION = YES;
				GCC_WARN_ABOUT_RETURN_TYPE = YES_ERROR;
				GCC_WARN_UNDECLARED_SELECTOR = YES;
				GCC_WARN_UNINITIALIZED_AUTOS = YES_AGGRESSIVE;
				GCC_WARN_UNUSED_FUNCTION = YES;
				GCC_WARN_UNUSED_VARIABLE = YES;
				IPHONEOS_DEPLOYMENT_TARGET = 8.1;
				MTL_ENABLE_DEBUG_INFO = NO;
				SDKROOT = iphoneos;
				VALIDATE_PRODUCT = YES;
			};
			name = Release;
		};
		F4702A101A7F27DC00E30A3C /* Debug */ = {
			isa = XCBuildConfiguration;
			buildSettings = {
				ASSETCATALOG_COMPILER_APPICON_NAME = AppIcon;
				INFOPLIST_FILE = SidebarMenu/Info.plist;
				LD_RUNPATH_SEARCH_PATHS = "$(inherited) @executable_path/Frameworks";
				PRODUCT_BUNDLE_IDENTIFIER = "com.appcoda.$(PRODUCT_NAME:rfc1034identifier)";
				PRODUCT_NAME = "$(TARGET_NAME)";
			};
			name = Debug;
		};
		F4702A111A7F27DC00E30A3C /* Release */ = {
			isa = XCBuildConfiguration;
			buildSettings = {
				ASSETCATALOG_COMPILER_APPICON_NAME = AppIcon;
				INFOPLIST_FILE = SidebarMenu/Info.plist;
				LD_RUNPATH_SEARCH_PATHS = "$(inherited) @executable_path/Frameworks";
				PRODUCT_BUNDLE_IDENTIFIER = "com.appcoda.$(PRODUCT_NAME:rfc1034identifier)";
				PRODUCT_NAME = "$(TARGET_NAME)";
			};
			name = Release;
		};
		F4702A131A7F27DC00E30A3C /* Debug */ = {
			isa = XCBuildConfiguration;
			buildSettings = {
				BUNDLE_LOADER = "$(TEST_HOST)";
				FRAMEWORK_SEARCH_PATHS = (
					"$(SDKROOT)/Developer/Library/Frameworks",
					"$(inherited)",
				);
				GCC_PREPROCESSOR_DEFINITIONS = (
					"DEBUG=1",
					"$(inherited)",
				);
				INFOPLIST_FILE = SidebarMenuTests/Info.plist;
				LD_RUNPATH_SEARCH_PATHS = "$(inherited) @executable_path/Frameworks @loader_path/Frameworks";
				PRODUCT_BUNDLE_IDENTIFIER = "com.appcoda.$(PRODUCT_NAME:rfc1034identifier)";
				PRODUCT_NAME = "$(TARGET_NAME)";
				TEST_HOST = "$(BUILT_PRODUCTS_DIR)/SidebarMenu.app/SidebarMenu";
			};
			name = Debug;
		};
		F4702A141A7F27DC00E30A3C /* Release */ = {
			isa = XCBuildConfiguration;
			buildSettings = {
				BUNDLE_LOADER = "$(TEST_HOST)";
				FRAMEWORK_SEARCH_PATHS = (
					"$(SDKROOT)/Developer/Library/Frameworks",
					"$(inherited)",
				);
				INFOPLIST_FILE = SidebarMenuTests/Info.plist;
				LD_RUNPATH_SEARCH_PATHS = "$(inherited) @executable_path/Frameworks @loader_path/Frameworks";
				PRODUCT_BUNDLE_IDENTIFIER = "com.appcoda.$(PRODUCT_NAME:rfc1034identifier)";
				PRODUCT_NAME = "$(TARGET_NAME)";
				TEST_HOST = "$(BUILT_PRODUCTS_DIR)/SidebarMenu.app/SidebarMenu";
			};
			name = Release;
		};
/* End XCBuildConfiguration section */

/* Begin XCConfigurationList section */
		F47029EB1A7F27DB00E30A3C /* Build configuration list for PBXProject "SidebarMenu" */ = {
			isa = XCConfigurationList;
			buildConfigurations = (
				F4702A0D1A7F27DC00E30A3C /* Debug */,
				F4702A0E1A7F27DC00E30A3C /* Release */,
			);
			defaultConfigurationIsVisible = 0;
			defaultConfigurationName = Release;
		};
		F4702A0F1A7F27DC00E30A3C /* Build configuration list for PBXNativeTarget "SidebarMenu" */ = {
			isa = XCConfigurationList;
			buildConfigurations = (
				F4702A101A7F27DC00E30A3C /* Debug */,
				F4702A111A7F27DC00E30A3C /* Release */,
			);
			defaultConfigurationIsVisible = 0;
			defaultConfigurationName = Release;
		};
		F4702A121A7F27DC00E30A3C /* Build configuration list for PBXNativeTarget "SidebarMenuTests" */ = {
			isa = XCConfigurationList;
			buildConfigurations = (
				F4702A131A7F27DC00E30A3C /* Debug */,
				F4702A141A7F27DC00E30A3C /* Release */,
			);
			defaultConfigurationIsVisible = 0;
			defaultConfigurationName = Release;
		};
/* End XCConfigurationList section */
	};
	rootObject = F47029E81A7F27DB00E30A3C /* Project object */;
}
