// !$*UTF8*$!
{
	archiveVersion = 1;
	classes = {
	};
	objectVersion = 46;
	objects = {

/* Begin PBXBuildFile section */
		19EF68B81D8A448400A89E31 /* AppDelegate.swift in Sources */ = {isa = PBXBuildFile; fileRef = 19EF68B71D8A448400A89E31 /* AppDelegate.swift */; };
		19EF68BA1D8A448400A89E31 /* ViewController.swift in Sources */ = {isa = PBXBuildFile; fileRef = 19EF68B91D8A448400A89E31 /* ViewController.swift */; };
		19EF68BD1D8A448400A89E31 /* Main.storyboard in Resources */ = {isa = PBXBuildFile; fileRef = 19EF68BB1D8A448400A89E31 /* Main.storyboard */; };
		19EF68BF1D8A448400A89E31 /* Assets.xcassets in Resources */ = {isa = PBXBuildFile; fileRef = 19EF68BE1D8A448400A89E31 /* Assets.xcassets */; };
		19EF68C21D8A448400A89E31 /* LaunchScreen.storyboard in Resources */ = {isa = PBXBuildFile; fileRef = 19EF68C01D8A448400A89E31 /* LaunchScreen.storyboard */; };
		19EF68CD1D8A448400A89E31 /* MeituanTests.swift in Sources */ = {isa = PBXBuildFile; fileRef = 19EF68CC1D8A448400A89E31 /* MeituanTests.swift */; };
/* End PBXBuildFile section */

/* Begin PBXContainerItemProxy section */
		19EF68C91D8A448400A89E31 /* PBXContainerItemProxy */ = {
			isa = PBXContainerItemProxy;
			containerPortal = 19EF68AC1D8A448400A89E31 /* Project object */;
			proxyType = 1;
			remoteGlobalIDString = 19EF68B31D8A448400A89E31;
			remoteInfo = Meituan;
		};
/* End PBXContainerItemProxy section */

/* Begin PBXFileReference section */
		19EF68B41D8A448400A89E31 /* Meituan.app */ = {isa = PBXFileReference; explicitFileType = wrapper.application; includeInIndex = 0; path = Meituan.app; sourceTree = BUILT_PRODUCTS_DIR; };
		19EF68B71D8A448400A89E31 /* AppDelegate.swift */ = {isa = PBXFileReference; lastKnownFileType = sourcecode.swift; path = AppDelegate.swift; sourceTree = "<group>"; };
		19EF68B91D8A448400A89E31 /* ViewController.swift */ = {isa = PBXFileReference; lastKnownFileType = sourcecode.swift; path = ViewController.swift; sourceTree = "<group>"; };
		19EF68BC1D8A448400A89E31 /* Base */ = {isa = PBXFileReference; lastKnownFileType = file.storyboard; name = Base; path = Base.lproj/Main.storyboard; sourceTree = "<group>"; };
		19EF68BE1D8A448400A89E31 /* Assets.xcassets */ = {isa = PBXFileReference; lastKnownFileType = folder.assetcatalog; path = Assets.xcassets; sourceTree = "<group>"; };
		19EF68C11D8A448400A89E31 /* Base */ = {isa = PBXFileReference; lastKnownFileType = file.storyboard; name = Base; path = Base.lproj/LaunchScreen.storyboard; sourceTree = "<group>"; };
		19EF68C31D8A448400A89E31 /* Info.plist */ = {isa = PBXFileReference; lastKnownFileType = text.plist.xml; path = Info.plist; sourceTree = "<group>"; };
		19EF68C81D8A448400A89E31 /* MeituanTests.xctest */ = {isa = PBXFileReference; explicitFileType = wrapper.cfbundle; includeInIndex = 0; path = MeituanTests.xctest; sourceTree = BUILT_PRODUCTS_DIR; };
		19EF68CC1D8A448400A89E31 /* MeituanTests.swift */ = {isa = PBXFileReference; lastKnownFileType = sourcecode.swift; path = MeituanTests.swift; sourceTree = "<group>"; };
		19EF68CE1D8A448400A89E31 /* Info.plist */ = {isa = PBXFileReference; lastKnownFileType = text.plist.xml; path = Info.plist; sourceTree = "<group>"; };
/* End PBXFileReference section */

/* Begin PBXFrameworksBuildPhase section */
		19EF68B11D8A448400A89E31 /* Frameworks */ = {
			isa = PBXFrameworksBuildPhase;
			buildActionMask = 2147483647;
			files = (
			);
			runOnlyForDeploymentPostprocessing = 0;
		};
		19EF68C51D8A448400A89E31 /* Frameworks */ = {
			isa = PBXFrameworksBuildPhase;
			buildActionMask = 2147483647;
			files = (
			);
			runOnlyForDeploymentPostprocessing = 0;
		};
/* End PBXFrameworksBuildPhase section */

/* Begin PBXGroup section */
		19EF68AB1D8A448400A89E31 = {
			isa = PBXGroup;
			children = (
				19EF68B61D8A448400A89E31 /* Meituan */,
				19EF68CB1D8A448400A89E31 /* MeituanTests */,
				19EF68B51D8A448400A89E31 /* Products */,
			);
			sourceTree = "<group>";
		};
		19EF68B51D8A448400A89E31 /* Products */ = {
			isa = PBXGroup;
			children = (
				19EF68B41D8A448400A89E31 /* Meituan.app */,
				19EF68C81D8A448400A89E31 /* MeituanTests.xctest */,
			);
			name = Products;
			sourceTree = "<group>";
		};
		19EF68B61D8A448400A89E31 /* Meituan */ = {
			isa = PBXGroup;
			children = (
				19EF68B71D8A448400A89E31 /* AppDelegate.swift */,
				19EF68B91D8A448400A89E31 /* ViewController.swift */,
				19EF68BB1D8A448400A89E31 /* Main.storyboard */,
				19EF68BE1D8A448400A89E31 /* Assets.xcassets */,
				19EF68C01D8A448400A89E31 /* LaunchScreen.storyboard */,
				19EF68C31D8A448400A89E31 /* Info.plist */,
			);
			path = Meituan;
			sourceTree = "<group>";
		};
		19EF68CB1D8A448400A89E31 /* MeituanTests */ = {
			isa = PBXGroup;
			children = (
				19EF68CC1D8A448400A89E31 /* MeituanTests.swift */,
				19EF68CE1D8A448400A89E31 /* Info.plist */,
			);
			path = MeituanTests;
			sourceTree = "<group>";
		};
/* End PBXGroup section */

/* Begin PBXNativeTarget section */
		19EF68B31D8A448400A89E31 /* Meituan */ = {
			isa = PBXNativeTarget;
			buildConfigurationList = 19EF68D11D8A448400A89E31 /* Build configuration list for PBXNativeTarget "Meituan" */;
			buildPhases = (
				19EF68B01D8A448400A89E31 /* Sources */,
				19EF68B11D8A448400A89E31 /* Frameworks */,
				19EF68B21D8A448400A89E31 /* Resources */,
			);
			buildRules = (
			);
			dependencies = (
			);
			name = Meituan;
			productName = Meituan;
			productReference = 19EF68B41D8A448400A89E31 /* Meituan.app */;
			productType = "com.apple.product-type.application";
		};
		19EF68C71D8A448400A89E31 /* MeituanTests */ = {
			isa = PBXNativeTarget;
			buildConfigurationList = 19EF68D41D8A448400A89E31 /* Build configuration list for PBXNativeTarget "MeituanTests" */;
			buildPhases = (
				19EF68C41D8A448400A89E31 /* Sources */,
				19EF68C51D8A448400A89E31 /* Frameworks */,
				19EF68C61D8A448400A89E31 /* Resources */,
			);
			buildRules = (
			);
			dependencies = (
				19EF68CA1D8A448400A89E31 /* PBXTargetDependency */,
			);
			name = MeituanTests;
			productName = MeituanTests;
			productReference = 19EF68C81D8A448400A89E31 /* MeituanTests.xctest */;
			productType = "com.apple.product-type.bundle.unit-test";
		};
/* End PBXNativeTarget section */

/* Begin PBXProject section */
		19EF68AC1D8A448400A89E31 /* Project object */ = {
			isa = PBXProject;
			attributes = {
				LastSwiftUpdateCheck = 0730;
				LastUpgradeCheck = 0730;
				ORGANIZATIONNAME = "Yi Gu";
				TargetAttributes = {
					19EF68B31D8A448400A89E31 = {
						CreatedOnToolsVersion = 7.3.1;
					};
					19EF68C71D8A448400A89E31 = {
						CreatedOnToolsVersion = 7.3.1;
						TestTargetID = 19EF68B31D8A448400A89E31;
					};
				};
			};
			buildConfigurationList = 19EF68AF1D8A448400A89E31 /* Build configuration list for PBXProject "Meituan" */;
			compatibilityVersion = "Xcode 3.2";
			developmentRegion = English;
			hasScannedForEncodings = 0;
			knownRegions = (
				en,
				Base,
			);
			mainGroup = 19EF68AB1D8A448400A89E31;
			productRefGroup = 19EF68B51D8A448400A89E31 /* Products */;
			projectDirPath = "";
			projectRoot = "";
			targets = (
				19EF68B31D8A448400A89E31 /* Meituan */,
				19EF68C71D8A448400A89E31 /* MeituanTests */,
			);
		};
/* End PBXProject section */

/* Begin PBXResourcesBuildPhase section */
		19EF68B21D8A448400A89E31 /* Resources */ = {
			isa = PBXResourcesBuildPhase;
			buildActionMask = 2147483647;
			files = (
				19EF68C21D8A448400A89E31 /* LaunchScreen.storyboard in Resources */,
				19EF68BF1D8A448400A89E31 /* Assets.xcassets in Resources */,
				19EF68BD1D8A448400A89E31 /* Main.storyboard in Resources */,
			);
			runOnlyForDeploymentPostprocessing = 0;
		};
		19EF68C61D8A448400A89E31 /* Resources */ = {
			isa = PBXResourcesBuildPhase;
			buildActionMask = 2147483647;
			files = (
			);
			runOnlyForDeploymentPostprocessing = 0;
		};
/* End PBXResourcesBuildPhase section */

/* Begin PBXSourcesBuildPhase section */
		19EF68B01D8A448400A89E31 /* Sources */ = {
			isa = PBXSourcesBuildPhase;
			buildActionMask = 2147483647;
			files = (
				19EF68BA1D8A448400A89E31 /* ViewController.swift in Sources */,
				19EF68B81D8A448400A89E31 /* AppDelegate.swift in Sources */,
			);
			runOnlyForDeploymentPostprocessing = 0;
		};
		19EF68C41D8A448400A89E31 /* Sources */ = {
			isa = PBXSourcesBuildPhase;
			buildActionMask = 2147483647;
			files = (
				19EF68CD1D8A448400A89E31 /* MeituanTests.swift in Sources */,
			);
			runOnlyForDeploymentPostprocessing = 0;
		};
/* End PBXSourcesBuildPhase section */

/* Begin PBXTargetDependency section */
		19EF68CA1D8A448400A89E31 /* PBXTargetDependency */ = {
			isa = PBXTargetDependency;
			target = 19EF68B31D8A448400A89E31 /* Meituan */;
			targetProxy = 19EF68C91D8A448400A89E31 /* PBXContainerItemProxy */;
		};
/* End PBXTargetDependency section */

/* Begin PBXVariantGroup section */
		19EF68BB1D8A448400A89E31 /* Main.storyboard */ = {
			isa = PBXVariantGroup;
			children = (
				19EF68BC1D8A448400A89E31 /* Base */,
			);
			name = Main.storyboard;
			sourceTree = "<group>";
		};
		19EF68C01D8A448400A89E31 /* LaunchScreen.storyboard */ = {
			isa = PBXVariantGroup;
			children = (
				19EF68C11D8A448400A89E31 /* Base */,
			);
			name = LaunchScreen.storyboard;
			sourceTree = "<group>";
		};
/* End PBXVariantGroup section */

/* Begin XCBuildConfiguration section */
		19EF68CF1D8A448400A89E31 /* Debug */ = {
			isa = XCBuildConfiguration;
			buildSettings = {
				ALWAYS_SEARCH_USER_PATHS = NO;
				CLANG_ANALYZER_NONNULL = YES;
				CLANG_CXX_LANGUAGE_STANDARD = "gnu++0x";
				CLANG_CXX_LIBRARY = "libc++";
				CLANG_ENABLE_MODULES = YES;
				CLANG_ENABLE_OBJC_ARC = YES;
				CLANG_WARN_BOOL_CONVERSION = YES;
				CLANG_WARN_CONSTANT_CONVERSION = YES;
				CLANG_WARN_DIRECT_OBJC_ISA_USAGE = YES_ERROR;
				CLANG_WARN_EMPTY_BODY = YES;
				CLANG_WARN_ENUM_CONVERSION = YES;
				CLANG_WARN_INT_CONVERSION = YES;
				CLANG_WARN_OBJC_ROOT_CLASS = YES_ERROR;
				CLANG_WARN_UNREACHABLE_CODE = YES;
				CLANG_WARN__DUPLICATE_METHOD_MATCH = YES;
				"CODE_SIGN_IDENTITY[sdk=iphoneos*]" = "iPhone Developer";
				COPY_PHASE_STRIP = NO;
				DEBUG_INFORMATION_FORMAT = dwarf;
				ENABLE_STRICT_OBJC_MSGSEND = YES;
				ENABLE_TESTABILITY = YES;
				GCC_C_LANGUAGE_STANDARD = gnu99;
				GCC_DYNAMIC_NO_PIC = NO;
				GCC_NO_COMMON_BLOCKS = YES;
				GCC_OPTIMIZATION_LEVEL = 0;
				GCC_PREPROCESSOR_DEFINITIONS = (
					"DEBUG=1",
					"$(inherited)",
				);
				GCC_WARN_64_TO_32_BIT_CONVERSION = YES;
				GCC_WARN_ABOUT_RETURN_TYPE = YES_ERROR;
				GCC_WARN_UNDECLARED_SELECTOR = YES;
				GCC_WARN_UNINITIALIZED_AUTOS = YES_AGGRESSIVE;
				GCC_WARN_UNUSED_FUNCTION = YES;
				GCC_WARN_UNUSED_VARIABLE = YES;
				IPHONEOS_DEPLOYMENT_TARGET = 9.3;
				MTL_ENABLE_DEBUG_INFO = YES;
				ONLY_ACTIVE_ARCH = YES;
				SDKROOT = iphoneos;
				SWIFT_OPTIMIZATION_LEVEL = "-Onone";
				TARGETED_DEVICE_FAMILY = "1,2";
			};
			name = Debug;
		};
		19EF68D01D8A448400A89E31 /* Release */ = {
			isa = XCBuildConfiguration;
			buildSettings = {
				ALWAYS_SEARCH_USER_PATHS = NO;
				CLANG_ANALYZER_NONNULL = YES;
				CLANG_CXX_LANGUAGE_STANDARD = "gnu++0x";
				CLANG_CXX_LIBRARY = "libc++";
				CLANG_ENABLE_MODULES = YES;
				CLANG_ENABLE_OBJC_ARC = YES;
				CLANG_WARN_BOOL_CONVERSION = YES;
				CLANG_WARN_CONSTANT_CONVERSION = YES;
				CLANG_WARN_DIRECT_OBJC_ISA_USAGE = YES_ERROR;
				CLANG_WARN_EMPTY_BODY = YES;
				CLANG_WARN_ENUM_CONVERSION = YES;
				CLANG_WARN_INT_CONVERSION = YES;
				CLANG_WARN_OBJC_ROOT_CLASS = YES_ERROR;
				CLANG_WARN_UNREACHABLE_CODE = YES;
				CLANG_WARN__DUPLICATE_METHOD_MATCH = YES;
				"CODE_SIGN_IDENTITY[sdk=iphoneos*]" = "iPhone Developer";
				COPY_PHASE_STRIP = NO;
				DEBUG_INFORMATION_FORMAT = "dwarf-with-dsym";
				ENABLE_NS_ASSERTIONS = NO;
				ENABLE_STRICT_OBJC_MSGSEND = YES;
				GCC_C_LANGUAGE_STANDARD = gnu99;
				GCC_NO_COMMON_BLOCKS = YES;
				GCC_WARN_64_TO_32_BIT_CONVERSION = YES;
				GCC_WARN_ABOUT_RETURN_TYPE = YES_ERROR;
				GCC_WARN_UNDECLARED_SELECTOR = YES;
				GCC_WARN_UNINITIALIZED_AUTOS = YES_AGGRESSIVE;
				GCC_WARN_UNUSED_FUNCTION = YES;
				GCC_WARN_UNUSED_VARIABLE = YES;
				IPHONEOS_DEPLOYMENT_TARGET = 9.3;
				MTL_ENABLE_DEBUG_INFO = NO;
				SDKROOT = iphoneos;
				TARGETED_DEVICE_FAMILY = "1,2";
				VALIDATE_PRODUCT = YES;
			};
			name = Release;
		};
		19EF68D21D8A448400A89E31 /* Debug */ = {
			isa = XCBuildConfiguration;
			buildSettings = {
				ASSETCATALOG_COMPILER_APPICON_NAME = AppIcon;
				INFOPLIST_FILE = Meituan/Info.plist;
				LD_RUNPATH_SEARCH_PATHS = "$(inherited) @executable_path/Frameworks";
				PRODUCT_BUNDLE_IDENTIFIER = yigu.Meituan;
				PRODUCT_NAME = "$(TARGET_NAME)";
			};
			name = Debug;
		};
		19EF68D31D8A448400A89E31 /* Release */ = {
			isa = XCBuildConfiguration;
			buildSettings = {
				ASSETCATALOG_COMPILER_APPICON_NAME = AppIcon;
				INFOPLIST_FILE = Meituan/Info.plist;
				LD_RUNPATH_SEARCH_PATHS = "$(inherited) @executable_path/Frameworks";
				PRODUCT_BUNDLE_IDENTIFIER = yigu.Meituan;
				PRODUCT_NAME = "$(TARGET_NAME)";
			};
			name = Release;
		};
		19EF68D51D8A448400A89E31 /* Debug */ = {
			isa = XCBuildConfiguration;
			buildSettings = {
				BUNDLE_LOADER = "$(TEST_HOST)";
				INFOPLIST_FILE = MeituanTests/Info.plist;
				LD_RUNPATH_SEARCH_PATHS = "$(inherited) @executable_path/Frameworks @loader_path/Frameworks";
				PRODUCT_BUNDLE_IDENTIFIER = yigu.MeituanTests;
				PRODUCT_NAME = "$(TARGET_NAME)";
				TEST_HOST = "$(BUILT_PRODUCTS_DIR)/Meituan.app/Meituan";
			};
			name = Debug;
		};
		19EF68D61D8A448400A89E31 /* Release */ = {
			isa = XCBuildConfiguration;
			buildSettings = {
				BUNDLE_LOADER = "$(TEST_HOST)";
				INFOPLIST_FILE = MeituanTests/Info.plist;
				LD_RUNPATH_SEARCH_PATHS = "$(inherited) @executable_path/Frameworks @loader_path/Frameworks";
				PRODUCT_BUNDLE_IDENTIFIER = yigu.MeituanTests;
				PRODUCT_NAME = "$(TARGET_NAME)";
				TEST_HOST = "$(BUILT_PRODUCTS_DIR)/Meituan.app/Meituan";
			};
			name = Release;
		};
/* End XCBuildConfiguration section */

/* Begin XCConfigurationList section */
		19EF68AF1D8A448400A89E31 /* Build configuration list for PBXProject "Meituan" */ = {
			isa = XCConfigurationList;
			buildConfigurations = (
				19EF68CF1D8A448400A89E31 /* Debug */,
				19EF68D01D8A448400A89E31 /* Release */,
			);
			defaultConfigurationIsVisible = 0;
			defaultConfigurationName = Release;
		};
		19EF68D11D8A448400A89E31 /* Build configuration list for PBXNativeTarget "Meituan" */ = {
			isa = XCConfigurationList;
			buildConfigurations = (
				19EF68D21D8A448400A89E31 /* Debug */,
				19EF68D31D8A448400A89E31 /* Release */,
			);
			defaultConfigurationIsVisible = 0;
		};
		19EF68D41D8A448400A89E31 /* Build configuration list for PBXNativeTarget "MeituanTests" */ = {
			isa = XCConfigurationList;
			buildConfigurations = (
				19EF68D51D8A448400A89E31 /* Debug */,
				19EF68D61D8A448400A89E31 /* Release */,
			);
			defaultConfigurationIsVisible = 0;
		};
/* End XCConfigurationList section */
	};
	rootObject = 19EF68AC1D8A448400A89E31 /* Project object */;
}
