// !$*UTF8*$!
{
	archiveVersion = 1;
	classes = {
	};
	objectVersion = 46;
	objects = {

/* Begin PBXBuildFile section */
		19C49BCD1D4D0E530008EA92 /* PinterestLayout.swift in Sources */ = {isa = PBXBuildFile; fileRef = 19C49BCC1D4D0E530008EA92 /* PinterestLayout.swift */; };
		7B0AC7BC1AAEF90000885D4A /* AppDelegate.swift in Sources */ = {isa = PBXBuildFile; fileRef = 7B0AC7BB1AAEF90000885D4A /* AppDelegate.swift */; };
		7B0AC7C11AAEF90000885D4A /* Main.storyboard in Resources */ = {isa = PBXBuildFile; fileRef = 7B0AC7BF1AAEF90000885D4A /* Main.storyboard */; };
		7B0AC7C61AAEF90000885D4A /* LaunchScreen.xib in Resources */ = {isa = PBXBuildFile; fileRef = 7B0AC7C41AAEF90000885D4A /* LaunchScreen.xib */; };
		7B0AC7E41AAEFA3100885D4A /* PhotoStreamViewController.swift in Sources */ = {isa = PBXBuildFile; fileRef = 7B0AC7E31AAEFA3100885D4A /* PhotoStreamViewController.swift */; };
		7B0AC7E71AAEFAA900885D4A /* Photos.plist in Resources */ = {isa = PBXBuildFile; fileRef = 7B0AC7E51AAEFAA900885D4A /* Photos.plist */; };
		7B0AC7E81AAEFAA900885D4A /* Photos.xcassets in Resources */ = {isa = PBXBuildFile; fileRef = 7B0AC7E61AAEFAA900885D4A /* Photos.xcassets */; };
		7B0AC7EA1AAEFBD900885D4A /* RoundedCornersView.swift in Sources */ = {isa = PBXBuildFile; fileRef = 7B0AC7E91AAEFBD900885D4A /* RoundedCornersView.swift */; };
		7B0AC7EC1AAEFC0B00885D4A /* AnnotatedPhotoCell.swift in Sources */ = {isa = PBXBuildFile; fileRef = 7B0AC7EB1AAEFC0B00885D4A /* AnnotatedPhotoCell.swift */; };
		7B0AC7EE1AAEFC3400885D4A /* Photo.swift in Sources */ = {isa = PBXBuildFile; fileRef = 7B0AC7ED1AAEFC3400885D4A /* Photo.swift */; };
		7B0AC7F01AAEFCA500885D4A /* UIImage+Decompression.swift in Sources */ = {isa = PBXBuildFile; fileRef = 7B0AC7EF1AAEFCA500885D4A /* UIImage+Decompression.swift */; };
		7B0AC7F21AAEFD0400885D4A /* Images.xcassets in Resources */ = {isa = PBXBuildFile; fileRef = 7B0AC7F11AAEFD0400885D4A /* Images.xcassets */; };
/* End PBXBuildFile section */

/* Begin PBXFileReference section */
		19C49BCC1D4D0E530008EA92 /* PinterestLayout.swift */ = {isa = PBXFileReference; fileEncoding = 4; lastKnownFileType = sourcecode.swift; path = PinterestLayout.swift; sourceTree = "<group>"; };
		7B0AC7B61AAEF90000885D4A /* Pinterest.app */ = {isa = PBXFileReference; explicitFileType = wrapper.application; includeInIndex = 0; path = Pinterest.app; sourceTree = BUILT_PRODUCTS_DIR; };
		7B0AC7BA1AAEF90000885D4A /* Info.plist */ = {isa = PBXFileReference; lastKnownFileType = text.plist.xml; path = Info.plist; sourceTree = "<group>"; };
		7B0AC7BB1AAEF90000885D4A /* AppDelegate.swift */ = {isa = PBXFileReference; lastKnownFileType = sourcecode.swift; path = AppDelegate.swift; sourceTree = "<group>"; };
		7B0AC7C01AAEF90000885D4A /* Base */ = {isa = PBXFileReference; lastKnownFileType = file.storyboard; name = Base; path = Base.lproj/Main.storyboard; sourceTree = "<group>"; };
		7B0AC7C51AAEF90000885D4A /* Base */ = {isa = PBXFileReference; lastKnownFileType = file.xib; name = Base; path = Base.lproj/LaunchScreen.xib; sourceTree = "<group>"; };
		7B0AC7E31AAEFA3100885D4A /* PhotoStreamViewController.swift */ = {isa = PBXFileReference; fileEncoding = 4; lastKnownFileType = sourcecode.swift; path = PhotoStreamViewController.swift; sourceTree = "<group>"; };
		7B0AC7E51AAEFAA900885D4A /* Photos.plist */ = {isa = PBXFileReference; fileEncoding = 4; lastKnownFileType = text.plist.xml; path = Photos.plist; sourceTree = "<group>"; };
		7B0AC7E61AAEFAA900885D4A /* Photos.xcassets */ = {isa = PBXFileReference; lastKnownFileType = folder.assetcatalog; path = Photos.xcassets; sourceTree = "<group>"; };
		7B0AC7E91AAEFBD900885D4A /* RoundedCornersView.swift */ = {isa = PBXFileReference; fileEncoding = 4; lastKnownFileType = sourcecode.swift; path = RoundedCornersView.swift; sourceTree = "<group>"; };
		7B0AC7EB1AAEFC0B00885D4A /* AnnotatedPhotoCell.swift */ = {isa = PBXFileReference; fileEncoding = 4; lastKnownFileType = sourcecode.swift; path = AnnotatedPhotoCell.swift; sourceTree = "<group>"; };
		7B0AC7ED1AAEFC3400885D4A /* Photo.swift */ = {isa = PBXFileReference; fileEncoding = 4; lastKnownFileType = sourcecode.swift; path = Photo.swift; sourceTree = "<group>"; };
		7B0AC7EF1AAEFCA500885D4A /* UIImage+Decompression.swift */ = {isa = PBXFileReference; fileEncoding = 4; lastKnownFileType = sourcecode.swift; path = "UIImage+Decompression.swift"; sourceTree = "<group>"; };
		7B0AC7F11AAEFD0400885D4A /* Images.xcassets */ = {isa = PBXFileReference; lastKnownFileType = folder.assetcatalog; path = Images.xcassets; sourceTree = "<group>"; };
/* End PBXFileReference section */

/* Begin PBXFrameworksBuildPhase section */
		7B0AC7B31AAEF90000885D4A /* Frameworks */ = {
			isa = PBXFrameworksBuildPhase;
			buildActionMask = 2147483647;
			files = (
			);
			runOnlyForDeploymentPostprocessing = 0;
		};
/* End PBXFrameworksBuildPhase section */

/* Begin PBXGroup section */
		7B0AC7AD1AAEF90000885D4A = {
			isa = PBXGroup;
			children = (
				7B0AC7B81AAEF90000885D4A /* Pinterest */,
				7B0AC7B71AAEF90000885D4A /* Products */,
			);
			indentWidth = 2;
			sourceTree = "<group>";
			tabWidth = 2;
		};
		7B0AC7B71AAEF90000885D4A /* Products */ = {
			isa = PBXGroup;
			children = (
				7B0AC7B61AAEF90000885D4A /* Pinterest.app */,
			);
			name = Products;
			sourceTree = "<group>";
		};
		7B0AC7B81AAEF90000885D4A /* Pinterest */ = {
			isa = PBXGroup;
			children = (
				7B0AC7DB1AAEF99600885D4A /* Assets */,
				7B0AC7DC1AAEF9A500885D4A /* Controllers */,
				7B0AC7DD1AAEF9AC00885D4A /* Extensions */,
				7B0AC7DE1AAEF9B600885D4A /* Layouts */,
				7B0AC7DF1AAEF9BD00885D4A /* Models */,
				7B0AC7E01AAEF9C500885D4A /* Other */,
				7B0AC7E11AAEF9CE00885D4A /* Storyboards & Xibs */,
				7B0AC7B91AAEF90000885D4A /* Supporting Files */,
				7B0AC7E21AAEF9DA00885D4A /* Views */,
			);
			path = Pinterest;
			sourceTree = "<group>";
		};
		7B0AC7B91AAEF90000885D4A /* Supporting Files */ = {
			isa = PBXGroup;
			children = (
				7B0AC7BA1AAEF90000885D4A /* Info.plist */,
			);
			name = "Supporting Files";
			sourceTree = "<group>";
		};
		7B0AC7DB1AAEF99600885D4A /* Assets */ = {
			isa = PBXGroup;
			children = (
				7B0AC7E51AAEFAA900885D4A /* Photos.plist */,
				7B0AC7F11AAEFD0400885D4A /* Images.xcassets */,
				7B0AC7E61AAEFAA900885D4A /* Photos.xcassets */,
			);
			name = Assets;
			sourceTree = "<group>";
		};
		7B0AC7DC1AAEF9A500885D4A /* Controllers */ = {
			isa = PBXGroup;
			children = (
				7B0AC7E31AAEFA3100885D4A /* PhotoStreamViewController.swift */,
			);
			name = Controllers;
			sourceTree = "<group>";
		};
		7B0AC7DD1AAEF9AC00885D4A /* Extensions */ = {
			isa = PBXGroup;
			children = (
				7B0AC7EF1AAEFCA500885D4A /* UIImage+Decompression.swift */,
			);
			name = Extensions;
			sourceTree = "<group>";
		};
		7B0AC7DE1AAEF9B600885D4A /* Layouts */ = {
			isa = PBXGroup;
			children = (
				19C49BCC1D4D0E530008EA92 /* PinterestLayout.swift */,
			);
			name = Layouts;
			sourceTree = "<group>";
		};
		7B0AC7DF1AAEF9BD00885D4A /* Models */ = {
			isa = PBXGroup;
			children = (
				7B0AC7ED1AAEFC3400885D4A /* Photo.swift */,
			);
			name = Models;
			sourceTree = "<group>";
		};
		7B0AC7E01AAEF9C500885D4A /* Other */ = {
			isa = PBXGroup;
			children = (
				7B0AC7BB1AAEF90000885D4A /* AppDelegate.swift */,
			);
			name = Other;
			sourceTree = "<group>";
		};
		7B0AC7E11AAEF9CE00885D4A /* Storyboards & Xibs */ = {
			isa = PBXGroup;
			children = (
				7B0AC7C41AAEF90000885D4A /* LaunchScreen.xib */,
				7B0AC7BF1AAEF90000885D4A /* Main.storyboard */,
			);
			name = "Storyboards & Xibs";
			sourceTree = "<group>";
		};
		7B0AC7E21AAEF9DA00885D4A /* Views */ = {
			isa = PBXGroup;
			children = (
				7B0AC7EB1AAEFC0B00885D4A /* AnnotatedPhotoCell.swift */,
				7B0AC7E91AAEFBD900885D4A /* RoundedCornersView.swift */,
			);
			name = Views;
			sourceTree = "<group>";
		};
/* End PBXGroup section */

/* Begin PBXNativeTarget section */
		7B0AC7B51AAEF90000885D4A /* Pinterest */ = {
			isa = PBXNativeTarget;
			buildConfigurationList = 7B0AC7D51AAEF90000885D4A /* Build configuration list for PBXNativeTarget "Pinterest" */;
			buildPhases = (
				7B0AC7B21AAEF90000885D4A /* Sources */,
				7B0AC7B31AAEF90000885D4A /* Frameworks */,
				7B0AC7B41AAEF90000885D4A /* Resources */,
			);
			buildRules = (
			);
			dependencies = (
			);
			name = Pinterest;
			productName = Pinterest;
			productReference = 7B0AC7B61AAEF90000885D4A /* Pinterest.app */;
			productType = "com.apple.product-type.application";
		};
/* End PBXNativeTarget section */

/* Begin PBXProject section */
		7B0AC7AE1AAEF90000885D4A /* Project object */ = {
			isa = PBXProject;
			attributes = {
				LastSwiftUpdateCheck = 0730;
				LastUpgradeCheck = 1020;
				ORGANIZATIONNAME = "Razeware LLC";
				TargetAttributes = {
					7B0AC7B51AAEF90000885D4A = {
						CreatedOnToolsVersion = 6.2;
						DevelopmentTeam = H2B5656ZFA;
						LastSwiftMigration = 1020;
					};
				};
			};
			buildConfigurationList = 7B0AC7B11AAEF90000885D4A /* Build configuration list for PBXProject "Pinterest" */;
			compatibilityVersion = "Xcode 3.2";
			developmentRegion = en;
			hasScannedForEncodings = 0;
			knownRegions = (
				en,
				Base,
			);
			mainGroup = 7B0AC7AD1AAEF90000885D4A;
			productRefGroup = 7B0AC7B71AAEF90000885D4A /* Products */;
			projectDirPath = "";
			projectRoot = "";
			targets = (
				7B0AC7B51AAEF90000885D4A /* Pinterest */,
			);
		};
/* End PBXProject section */

/* Begin PBXResourcesBuildPhase section */
		7B0AC7B41AAEF90000885D4A /* Resources */ = {
			isa = PBXResourcesBuildPhase;
			buildActionMask = 2147483647;
			files = (
				7B0AC7C11AAEF90000885D4A /* Main.storyboard in Resources */,
				7B0AC7F21AAEFD0400885D4A /* Images.xcassets in Resources */,
				7B0AC7C61AAEF90000885D4A /* LaunchScreen.xib in Resources */,
				7B0AC7E81AAEFAA900885D4A /* Photos.xcassets in Resources */,
				7B0AC7E71AAEFAA900885D4A /* Photos.plist in Resources */,
			);
			runOnlyForDeploymentPostprocessing = 0;
		};
/* End PBXResourcesBuildPhase section */

/* Begin PBXSourcesBuildPhase section */
		7B0AC7B21AAEF90000885D4A /* Sources */ = {
			isa = PBXSourcesBuildPhase;
			buildActionMask = 2147483647;
			files = (
				7B0AC7BC1AAEF90000885D4A /* AppDelegate.swift in Sources */,
				7B0AC7F01AAEFCA500885D4A /* UIImage+Decompression.swift in Sources */,
				7B0AC7E41AAEFA3100885D4A /* PhotoStreamViewController.swift in Sources */,
				19C49BCD1D4D0E530008EA92 /* PinterestLayout.swift in Sources */,
				7B0AC7EA1AAEFBD900885D4A /* RoundedCornersView.swift in Sources */,
				7B0AC7EC1AAEFC0B00885D4A /* AnnotatedPhotoCell.swift in Sources */,
				7B0AC7EE1AAEFC3400885D4A /* Photo.swift in Sources */,
			);
			runOnlyForDeploymentPostprocessing = 0;
		};
/* End PBXSourcesBuildPhase section */

/* Begin PBXVariantGroup section */
		7B0AC7BF1AAEF90000885D4A /* Main.storyboard */ = {
			isa = PBXVariantGroup;
			children = (
				7B0AC7C01AAEF90000885D4A /* Base */,
			);
			name = Main.storyboard;
			sourceTree = "<group>";
		};
		7B0AC7C41AAEF90000885D4A /* LaunchScreen.xib */ = {
			isa = PBXVariantGroup;
			children = (
				7B0AC7C51AAEF90000885D4A /* Base */,
			);
			name = LaunchScreen.xib;
			sourceTree = "<group>";
		};
/* End PBXVariantGroup section */

/* Begin XCBuildConfiguration section */
		7B0AC7D31AAEF90000885D4A /* Debug */ = {
			isa = XCBuildConfiguration;
			buildSettings = {
				ALWAYS_SEARCH_USER_PATHS = NO;
				CLANG_ANALYZER_LOCALIZABILITY_NONLOCALIZED = YES;
				CLANG_CXX_LANGUAGE_STANDARD = "gnu++0x";
				CLANG_CXX_LIBRARY = "libc++";
				CLANG_ENABLE_MODULES = YES;
				CLANG_ENABLE_OBJC_ARC = YES;
				CLANG_WARN_BLOCK_CAPTURE_AUTORELEASING = YES;
				CLANG_WARN_BOOL_CONVERSION = YES;
				CLANG_WARN_COMMA = YES;
				CLANG_WARN_CONSTANT_CONVERSION = YES;
				CLANG_WARN_DEPRECATED_OBJC_IMPLEMENTATIONS = YES;
				CLANG_WARN_DIRECT_OBJC_ISA_USAGE = YES_ERROR;
				CLANG_WARN_EMPTY_BODY = YES;
				CLANG_WARN_ENUM_CONVERSION = YES;
				CLANG_WARN_INFINITE_RECURSION = YES;
				CLANG_WARN_INT_CONVERSION = YES;
				CLANG_WARN_NON_LITERAL_NULL_CONVERSION = YES;
				CLANG_WARN_OBJC_IMPLICIT_RETAIN_SELF = YES;
				CLANG_WARN_OBJC_LITERAL_CONVERSION = YES;
				CLANG_WARN_OBJC_ROOT_CLASS = YES_ERROR;
				CLANG_WARN_RANGE_LOOP_ANALYSIS = YES;
				CLANG_WARN_STRICT_PROTOTYPES = YES;
				CLANG_WARN_SUSPICIOUS_MOVE = YES;
				CLANG_WARN_UNREACHABLE_CODE = YES;
				CLANG_WARN__DUPLICATE_METHOD_MATCH = YES;
				"CODE_SIGN_IDENTITY[sdk=iphoneos*]" = "iPhone Developer";
				COPY_PHASE_STRIP = NO;
				ENABLE_STRICT_OBJC_MSGSEND = YES;
				ENABLE_TESTABILITY = YES;
				GCC_C_LANGUAGE_STANDARD = gnu99;
				GCC_DYNAMIC_NO_PIC = NO;
				GCC_NO_COMMON_BLOCKS = YES;
				GCC_OPTIMIZATION_LEVEL = 0;
				GCC_PREPROCESSOR_DEFINITIONS = (
					"DEBUG=1",
					"$(inherited)",
				);
				GCC_SYMBOLS_PRIVATE_EXTERN = NO;
				GCC_WARN_64_TO_32_BIT_CONVERSION = YES;
				GCC_WARN_ABOUT_RETURN_TYPE = YES_ERROR;
				GCC_WARN_UNDECLARED_SELECTOR = YES;
				GCC_WARN_UNINITIALIZED_AUTOS = YES_AGGRESSIVE;
				GCC_WARN_UNUSED_FUNCTION = YES;
				GCC_WARN_UNUSED_VARIABLE = YES;
				IPHONEOS_DEPLOYMENT_TARGET = 9.0;
				MTL_ENABLE_DEBUG_INFO = YES;
				ONLY_ACTIVE_ARCH = YES;
				SDKROOT = iphoneos;
				SWIFT_OPTIMIZATION_LEVEL = "-Onone";
			};
			name = Debug;
		};
		7B0AC7D41AAEF90000885D4A /* Release */ = {
			isa = XCBuildConfiguration;
			buildSettings = {
				ALWAYS_SEARCH_USER_PATHS = NO;
				CLANG_ANALYZER_LOCALIZABILITY_NONLOCALIZED = YES;
				CLANG_CXX_LANGUAGE_STANDARD = "gnu++0x";
				CLANG_CXX_LIBRARY = "libc++";
				CLANG_ENABLE_MODULES = YES;
				CLANG_ENABLE_OBJC_ARC = YES;
				CLANG_WARN_BLOCK_CAPTURE_AUTORELEASING = YES;
				CLANG_WARN_BOOL_CONVERSION = YES;
				CLANG_WARN_COMMA = YES;
				CLANG_WARN_CONSTANT_CONVERSION = YES;
				CLANG_WARN_DEPRECATED_OBJC_IMPLEMENTATIONS = YES;
				CLANG_WARN_DIRECT_OBJC_ISA_USAGE = YES_ERROR;
				CLANG_WARN_EMPTY_BODY = YES;
				CLANG_WARN_ENUM_CONVERSION = YES;
				CLANG_WARN_INFINITE_RECURSION = YES;
				CLANG_WARN_INT_CONVERSION = YES;
				CLANG_WARN_NON_LITERAL_NULL_CONVERSION = YES;
				CLANG_WARN_OBJC_IMPLICIT_RETAIN_SELF = YES;
				CLANG_WARN_OBJC_LITERAL_CONVERSION = YES;
				CLANG_WARN_OBJC_ROOT_CLASS = YES_ERROR;
				CLANG_WARN_RANGE_LOOP_ANALYSIS = YES;
				CLANG_WARN_STRICT_PROTOTYPES = YES;
				CLANG_WARN_SUSPICIOUS_MOVE = YES;
				CLANG_WARN_UNREACHABLE_CODE = YES;
				CLANG_WARN__DUPLICATE_METHOD_MATCH = YES;
				"CODE_SIGN_IDENTITY[sdk=iphoneos*]" = "iPhone Developer";
				COPY_PHASE_STRIP = NO;
				ENABLE_NS_ASSERTIONS = NO;
				ENABLE_STRICT_OBJC_MSGSEND = YES;
				GCC_C_LANGUAGE_STANDARD = gnu99;
				GCC_NO_COMMON_BLOCKS = YES;
				GCC_WARN_64_TO_32_BIT_CONVERSION = YES;
				GCC_WARN_ABOUT_RETURN_TYPE = YES_ERROR;
				GCC_WARN_UNDECLARED_SELECTOR = YES;
				GCC_WARN_UNINITIALIZED_AUTOS = YES_AGGRESSIVE;
				GCC_WARN_UNUSED_FUNCTION = YES;
				GCC_WARN_UNUSED_VARIABLE = YES;
				IPHONEOS_DEPLOYMENT_TARGET = 9.0;
				MTL_ENABLE_DEBUG_INFO = NO;
				SDKROOT = iphoneos;
				SWIFT_OPTIMIZATION_LEVEL = "-Owholemodule";
				VALIDATE_PRODUCT = YES;
			};
			name = Release;
		};
		7B0AC7D61AAEF90000885D4A /* Debug */ = {
			isa = XCBuildConfiguration;
			buildSettings = {
				ASSETCATALOG_COMPILER_APPICON_NAME = AppIcon;
				CODE_SIGN_IDENTITY = "iPhone Developer";
				INFOPLIST_FILE = Pinterest/Info.plist;
				LD_RUNPATH_SEARCH_PATHS = "$(inherited) @executable_path/Frameworks";
				PRODUCT_BUNDLE_IDENTIFIER = com.yigu.Pinterest;
				PRODUCT_NAME = "$(TARGET_NAME)";
				SWIFT_VERSION = 5.0;
			};
			name = Debug;
		};
		7B0AC7D71AAEF90000885D4A /* Release */ = {
			isa = XCBuildConfiguration;
			buildSettings = {
				ASSETCATALOG_COMPILER_APPICON_NAME = AppIcon;
				CODE_SIGN_IDENTITY = "iPhone Developer";
				INFOPLIST_FILE = Pinterest/Info.plist;
				LD_RUNPATH_SEARCH_PATHS = "$(inherited) @executable_path/Frameworks";
				PRODUCT_BUNDLE_IDENTIFIER = com.yigu.Pinterest;
				PRODUCT_NAME = "$(TARGET_NAME)";
				SWIFT_VERSION = 5.0;
			};
			name = Release;
		};
/* End XCBuildConfiguration section */

/* Begin XCConfigurationList section */
		7B0AC7B11AAEF90000885D4A /* Build configuration list for PBXProject "Pinterest" */ = {
			isa = XCConfigurationList;
			buildConfigurations = (
				7B0AC7D31AAEF90000885D4A /* Debug */,
				7B0AC7D41AAEF90000885D4A /* Release */,
			);
			defaultConfigurationIsVisible = 0;
			defaultConfigurationName = Release;
		};
		7B0AC7D51AAEF90000885D4A /* Build configuration list for PBXNativeTarget "Pinterest" */ = {
			isa = XCConfigurationList;
			buildConfigurations = (
				7B0AC7D61AAEF90000885D4A /* Debug */,
				7B0AC7D71AAEF90000885D4A /* Release */,
			);
			defaultConfigurationIsVisible = 0;
			defaultConfigurationName = Release;
		};
/* End XCConfigurationList section */
	};
	rootObject = 7B0AC7AE1AAEF90000885D4A /* Project object */;
}
