// !$*UTF8*$!
{
	archiveVersion = 1;
	classes = {
	};
	objectVersion = 46;
	objects = {

/* Begin PBXBuildFile section */
		19515F8E1C8558F800DC2284 /* AppDelegate.swift in Sources */ = {isa = PBXBuildFile; fileRef = 19515F8D1C8558F800DC2284 /* AppDelegate.swift */; };
		19515F901C8558F800DC2284 /* ViewController.swift in Sources */ = {isa = PBXBuildFile; fileRef = 19515F8F1C8558F800DC2284 /* ViewController.swift */; };
		19515F931C8558F800DC2284 /* Main.storyboard in Resources */ = {isa = PBXBuildFile; fileRef = 19515F911C8558F800DC2284 /* Main.storyboard */; };
		19515F951C8558F800DC2284 /* Assets.xcassets in Resources */ = {isa = PBXBuildFile; fileRef = 19515F941C8558F800DC2284 /* Assets.xcassets */; };
		19515F981C8558F800DC2284 /* LaunchScreen.storyboard in Resources */ = {isa = PBXBuildFile; fileRef = 19515F961C8558F800DC2284 /* LaunchScreen.storyboard */; };
		19515FA01C855C7300DC2284 /* ToDoItem.swift in Sources */ = {isa = PBXBuildFile; fileRef = 19515F9F1C855C7300DC2284 /* ToDoItem.swift */; };
		19515FA21C855D9A00DC2284 /* Utils.swift in Sources */ = {isa = PBXBuildFile; fileRef = 19515FA11C855D9A00DC2284 /* Utils.swift */; };
		19A79A371C869E270087EEBA /* DetailViewController.swift in Sources */ = {isa = PBXBuildFile; fileRef = 19A79A361C869E260087EEBA /* DetailViewController.swift */; };
/* End PBXBuildFile section */

/* Begin PBXFileReference section */
		19515F8A1C8558F800DC2284 /* Todo.app */ = {isa = PBXFileReference; explicitFileType = wrapper.application; includeInIndex = 0; path = Todo.app; sourceTree = BUILT_PRODUCTS_DIR; };
		19515F8D1C8558F800DC2284 /* AppDelegate.swift */ = {isa = PBXFileReference; lastKnownFileType = sourcecode.swift; path = AppDelegate.swift; sourceTree = "<group>"; };
		19515F8F1C8558F800DC2284 /* ViewController.swift */ = {isa = PBXFileReference; lastKnownFileType = sourcecode.swift; path = ViewController.swift; sourceTree = "<group>"; };
		19515F921C8558F800DC2284 /* Base */ = {isa = PBXFileReference; lastKnownFileType = file.storyboard; name = Base; path = Base.lproj/Main.storyboard; sourceTree = "<group>"; };
		19515F941C8558F800DC2284 /* Assets.xcassets */ = {isa = PBXFileReference; lastKnownFileType = folder.assetcatalog; path = Assets.xcassets; sourceTree = "<group>"; };
		19515F971C8558F800DC2284 /* Base */ = {isa = PBXFileReference; lastKnownFileType = file.storyboard; name = Base; path = Base.lproj/LaunchScreen.storyboard; sourceTree = "<group>"; };
		19515F991C8558F800DC2284 /* Info.plist */ = {isa = PBXFileReference; lastKnownFileType = text.plist.xml; path = Info.plist; sourceTree = "<group>"; };
		19515F9F1C855C7300DC2284 /* ToDoItem.swift */ = {isa = PBXFileReference; fileEncoding = 4; lastKnownFileType = sourcecode.swift; path = ToDoItem.swift; sourceTree = "<group>"; };
		19515FA11C855D9A00DC2284 /* Utils.swift */ = {isa = PBXFileReference; fileEncoding = 4; lastKnownFileType = sourcecode.swift; path = Utils.swift; sourceTree = "<group>"; };
		19A79A361C869E260087EEBA /* DetailViewController.swift */ = {isa = PBXFileReference; fileEncoding = 4; lastKnownFileType = sourcecode.swift; path = DetailViewController.swift; sourceTree = "<group>"; };
/* End PBXFileReference section */

/* Begin PBXFrameworksBuildPhase section */
		19515F871C8558F800DC2284 /* Frameworks */ = {
			isa = PBXFrameworksBuildPhase;
			buildActionMask = 2147483647;
			files = (
			);
			runOnlyForDeploymentPostprocessing = 0;
		};
/* End PBXFrameworksBuildPhase section */

/* Begin PBXGroup section */
		19515F811C8558F800DC2284 = {
			isa = PBXGroup;
			children = (
				19515F8C1C8558F800DC2284 /* Todo */,
				19515F8B1C8558F800DC2284 /* Products */,
			);
			sourceTree = "<group>";
		};
		19515F8B1C8558F800DC2284 /* Products */ = {
			isa = PBXGroup;
			children = (
				19515F8A1C8558F800DC2284 /* Todo.app */,
			);
			name = Products;
			sourceTree = "<group>";
		};
		19515F8C1C8558F800DC2284 /* Todo */ = {
			isa = PBXGroup;
			children = (
				19515F8D1C8558F800DC2284 /* AppDelegate.swift */,
				19515FA11C855D9A00DC2284 /* Utils.swift */,
				19515F9F1C855C7300DC2284 /* ToDoItem.swift */,
				19515F8F1C8558F800DC2284 /* ViewController.swift */,
				19A79A361C869E260087EEBA /* DetailViewController.swift */,
				19515F911C8558F800DC2284 /* Main.storyboard */,
				19515F941C8558F800DC2284 /* Assets.xcassets */,
				19515F961C8558F800DC2284 /* LaunchScreen.storyboard */,
				19515F991C8558F800DC2284 /* Info.plist */,
			);
			path = Todo;
			sourceTree = "<group>";
		};
/* End PBXGroup section */

/* Begin PBXNativeTarget section */
		19515F891C8558F800DC2284 /* Todo */ = {
			isa = PBXNativeTarget;
			buildConfigurationList = 19515F9C1C8558F800DC2284 /* Build configuration list for PBXNativeTarget "Todo" */;
			buildPhases = (
				19515F861C8558F800DC2284 /* Sources */,
				19515F871C8558F800DC2284 /* Frameworks */,
				19515F881C8558F800DC2284 /* Resources */,
			);
			buildRules = (
			);
			dependencies = (
			);
			name = Todo;
			productName = Todo;
			productReference = 19515F8A1C8558F800DC2284 /* Todo.app */;
			productType = "com.apple.product-type.application";
		};
/* End PBXNativeTarget section */

/* Begin PBXProject section */
		19515F821C8558F800DC2284 /* Project object */ = {
			isa = PBXProject;
			attributes = {
				LastSwiftUpdateCheck = 0720;
				LastUpgradeCheck = 0820;
				ORGANIZATIONNAME = YiGu;
				TargetAttributes = {
					19515F891C8558F800DC2284 = {
						CreatedOnToolsVersion = 7.2.1;
						DevelopmentTeam = 44JDRP3T56;
						LastSwiftMigration = 1010;
					};
				};
			};
			buildConfigurationList = 19515F851C8558F800DC2284 /* Build configuration list for PBXProject "Todo" */;
			compatibilityVersion = "Xcode 3.2";
			developmentRegion = English;
			hasScannedForEncodings = 0;
			knownRegions = (
				en,
				Base,
			);
			mainGroup = 19515F811C8558F800DC2284;
			productRefGroup = 19515F8B1C8558F800DC2284 /* Products */;
			projectDirPath = "";
			projectRoot = "";
			targets = (
				19515F891C8558F800DC2284 /* Todo */,
			);
		};
/* End PBXProject section */

/* Begin PBXResourcesBuildPhase section */
		19515F881C8558F800DC2284 /* Resources */ = {
			isa = PBXResourcesBuildPhase;
			buildActionMask = 2147483647;
			files = (
				19515F981C8558F800DC2284 /* LaunchScreen.storyboard in Resources */,
				19515F951C8558F800DC2284 /* Assets.xcassets in Resources */,
				19515F931C8558F800DC2284 /* Main.storyboard in Resources */,
			);
			runOnlyForDeploymentPostprocessing = 0;
		};
/* End PBXResourcesBuildPhase section */

/* Begin PBXSourcesBuildPhase section */
		19515F861C8558F800DC2284 /* Sources */ = {
			isa = PBXSourcesBuildPhase;
			buildActionMask = 2147483647;
			files = (
				19515F901C8558F800DC2284 /* ViewController.swift in Sources */,
				19515F8E1C8558F800DC2284 /* AppDelegate.swift in Sources */,
				19A79A371C869E270087EEBA /* DetailViewController.swift in Sources */,
				19515FA01C855C7300DC2284 /* ToDoItem.swift in Sources */,
				19515FA21C855D9A00DC2284 /* Utils.swift in Sources */,
			);
			runOnlyForDeploymentPostprocessing = 0;
		};
/* End PBXSourcesBuildPhase section */

/* Begin PBXVariantGroup section */
		19515F911C8558F800DC2284 /* Main.storyboard */ = {
			isa = PBXVariantGroup;
			children = (
				19515F921C8558F800DC2284 /* Base */,
			);
			name = Main.storyboard;
			sourceTree = "<group>";
		};
		19515F961C8558F800DC2284 /* LaunchScreen.storyboard */ = {
			isa = PBXVariantGroup;
			children = (
				19515F971C8558F800DC2284 /* Base */,
			);
			name = LaunchScreen.storyboard;
			sourceTree = "<group>";
		};
/* End PBXVariantGroup section */

/* Begin XCBuildConfiguration section */
		19515F9A1C8558F800DC2284 /* Debug */ = {
			isa = XCBuildConfiguration;
			buildSettings = {
				ALWAYS_SEARCH_USER_PATHS = NO;
				CLANG_CXX_LANGUAGE_STANDARD = "gnu++0x";
				CLANG_CXX_LIBRARY = "libc++";
				CLANG_ENABLE_MODULES = YES;
				CLANG_ENABLE_OBJC_ARC = YES;
				CLANG_WARN_BOOL_CONVERSION = YES;
				CLANG_WARN_CONSTANT_CONVERSION = YES;
				CLANG_WARN_DIRECT_OBJC_ISA_USAGE = YES_ERROR;
				CLANG_WARN_EMPTY_BODY = YES;
				CLANG_WARN_ENUM_CONVERSION = YES;
				CLANG_WARN_INFINITE_RECURSION = YES;
				CLANG_WARN_INT_CONVERSION = YES;
				CLANG_WARN_OBJC_ROOT_CLASS = YES_ERROR;
				CLANG_WARN_SUSPICIOUS_MOVE = YES;
				CLANG_WARN_UNREACHABLE_CODE = YES;
				CLANG_WARN__DUPLICATE_METHOD_MATCH = YES;
				"CODE_SIGN_IDENTITY[sdk=iphoneos*]" = "iPhone Developer";
				COPY_PHASE_STRIP = NO;
				DEBUG_INFORMATION_FORMAT = dwarf;
				ENABLE_STRICT_OBJC_MSGSEND = YES;
				ENABLE_TESTABILITY = YES;
				GCC_C_LANGUAGE_STANDARD = gnu99;
				GCC_DYNAMIC_NO_PIC = NO;
				GCC_NO_COMMON_BLOCKS = YES;
				GCC_OPTIMIZATION_LEVEL = 0;
				GCC_PREPROCESSOR_DEFINITIONS = (
					"DEBUG=1",
					"$(inherited)",
				);
				GCC_WARN_64_TO_32_BIT_CONVERSION = YES;
				GCC_WARN_ABOUT_RETURN_TYPE = YES_ERROR;
				GCC_WARN_UNDECLARED_SELECTOR = YES;
				GCC_WARN_UNINITIALIZED_AUTOS = YES_AGGRESSIVE;
				GCC_WARN_UNUSED_FUNCTION = YES;
				GCC_WARN_UNUSED_VARIABLE = YES;
				IPHONEOS_DEPLOYMENT_TARGET = 9.2;
				MTL_ENABLE_DEBUG_INFO = YES;
				ONLY_ACTIVE_ARCH = YES;
				SDKROOT = iphoneos;
				SWIFT_OPTIMIZATION_LEVEL = "-Onone";
				TARGETED_DEVICE_FAMILY = "1,2";
			};
			name = Debug;
		};
		19515F9B1C8558F800DC2284 /* Release */ = {
			isa = XCBuildConfiguration;
			buildSettings = {
				ALWAYS_SEARCH_USER_PATHS = NO;
				CLANG_CXX_LANGUAGE_STANDARD = "gnu++0x";
				CLANG_CXX_LIBRARY = "libc++";
				CLANG_ENABLE_MODULES = YES;
				CLANG_ENABLE_OBJC_ARC = YES;
				CLANG_WARN_BOOL_CONVERSION = YES;
				CLANG_WARN_CONSTANT_CONVERSION = YES;
				CLANG_WARN_DIRECT_OBJC_ISA_USAGE = YES_ERROR;
				CLANG_WARN_EMPTY_BODY = YES;
				CLANG_WARN_ENUM_CONVERSION = YES;
				CLANG_WARN_INFINITE_RECURSION = YES;
				CLANG_WARN_INT_CONVERSION = YES;
				CLANG_WARN_OBJC_ROOT_CLASS = YES_ERROR;
				CLANG_WARN_SUSPICIOUS_MOVE = YES;
				CLANG_WARN_UNREACHABLE_CODE = YES;
				CLANG_WARN__DUPLICATE_METHOD_MATCH = YES;
				"CODE_SIGN_IDENTITY[sdk=iphoneos*]" = "iPhone Developer";
				COPY_PHASE_STRIP = NO;
				DEBUG_INFORMATION_FORMAT = "dwarf-with-dsym";
				ENABLE_NS_ASSERTIONS = NO;
				ENABLE_STRICT_OBJC_MSGSEND = YES;
				GCC_C_LANGUAGE_STANDARD = gnu99;
				GCC_NO_COMMON_BLOCKS = YES;
				GCC_WARN_64_TO_32_BIT_CONVERSION = YES;
				GCC_WARN_ABOUT_RETURN_TYPE = YES_ERROR;
				GCC_WARN_UNDECLARED_SELECTOR = YES;
				GCC_WARN_UNINITIALIZED_AUTOS = YES_AGGRESSIVE;
				GCC_WARN_UNUSED_FUNCTION = YES;
				GCC_WARN_UNUSED_VARIABLE = YES;
				IPHONEOS_DEPLOYMENT_TARGET = 9.2;
				MTL_ENABLE_DEBUG_INFO = NO;
				SDKROOT = iphoneos;
				SWIFT_OPTIMIZATION_LEVEL = "-Owholemodule";
				TARGETED_DEVICE_FAMILY = "1,2";
				VALIDATE_PRODUCT = YES;
			};
			name = Release;
		};
		19515F9D1C8558F800DC2284 /* Debug */ = {
			isa = XCBuildConfiguration;
			buildSettings = {
				ASSETCATALOG_COMPILER_APPICON_NAME = AppIcon;
				CODE_SIGN_IDENTITY = "iPhone Developer";
				INFOPLIST_FILE = Todo/Info.plist;
				LD_RUNPATH_SEARCH_PATHS = "$(inherited) @executable_path/Frameworks";
				PRODUCT_BUNDLE_IDENTIFIER = com.yigu.Todo;
				PRODUCT_NAME = "$(TARGET_NAME)";
				SWIFT_VERSION = 4.2;
			};
			name = Debug;
		};
		19515F9E1C8558F800DC2284 /* Release */ = {
			isa = XCBuildConfiguration;
			buildSettings = {
				ASSETCATALOG_COMPILER_APPICON_NAME = AppIcon;
				CODE_SIGN_IDENTITY = "iPhone Developer";
				INFOPLIST_FILE = Todo/Info.plist;
				LD_RUNPATH_SEARCH_PATHS = "$(inherited) @executable_path/Frameworks";
				PRODUCT_BUNDLE_IDENTIFIER = com.yigu.Todo;
				PRODUCT_NAME = "$(TARGET_NAME)";
				SWIFT_VERSION = 4.2;
			};
			name = Release;
		};
/* End XCBuildConfiguration section */

/* Begin XCConfigurationList section */
		19515F851C8558F800DC2284 /* Build configuration list for PBXProject "Todo" */ = {
			isa = XCConfigurationList;
			buildConfigurations = (
				19515F9A1C8558F800DC2284 /* Debug */,
				19515F9B1C8558F800DC2284 /* Release */,
			);
			defaultConfigurationIsVisible = 0;
			defaultConfigurationName = Release;
		};
		19515F9C1C8558F800DC2284 /* Build configuration list for PBXNativeTarget "Todo" */ = {
			isa = XCConfigurationList;
			buildConfigurations = (
				19515F9D1C8558F800DC2284 /* Debug */,
				19515F9E1C8558F800DC2284 /* Release */,
			);
			defaultConfigurationIsVisible = 0;
			defaultConfigurationName = Release;
		};
/* End XCConfigurationList section */
	};
	rootObject = 19515F821C8558F800DC2284 /* Project object */;
}
